// !$*UTF8*$!
{
	archiveVersion = 1;
	classes = {
	};
	objectVersion = 46;
	objects = {

/* Begin PBXBuildFile section */
		1D60589F0D05DD5A006BFB54 /* Foundation.framework in Frameworks */ = {isa = PBXBuildFile; fileRef = 1D30AB110D05D00D00671497 /* Foundation.framework */; };
		1DF5F4E00D08C38300B7A737 /* UIKit.framework in Frameworks */ = {isa = PBXBuildFile; fileRef = 1DF5F4DF0D08C38300B7A737 /* UIKit.framework */; };
		288765FD0DF74451002DB57D /* CoreGraphics.framework in Frameworks */ = {isa = PBXBuildFile; fileRef = 288765FC0DF74451002DB57D /* CoreGraphics.framework */; };
		D00374A71139EF0500053FCB /* libsqlite3.dylib in Frameworks */ = {isa = PBXBuildFile; fileRef = D00374A61139EF0400053FCB /* libsqlite3.dylib */; };
		D017A33912DB600E006A060E /* MKMapView+ZoomLevel.m in Sources */ = {isa = PBXBuildFile; fileRef = D017A33812DB600E006A060E /* MKMapView+ZoomLevel.m */; };
		D017A36D12DB79BD006A060E /* UIApplication+NiceNetworkIndicator.m in Sources */ = {isa = PBXBuildFile; fileRef = D017A36C12DB79BD006A060E /* UIApplication+NiceNetworkIndicator.m */; };
		D02AA80B1434E2AA00FBE924 /* buspin-mask.png in Resources */ = {isa = PBXBuildFile; fileRef = D02AA8061434E2AA00FBE924 /* buspin-mask.png */; };
		D02AA80C1434E2AA00FBE924 /* buspin-mask@2x.png in Resources */ = {isa = PBXBuildFile; fileRef = D02AA8071434E2AA00FBE924 /* buspin-mask@2x.png */; };
		D02AA80D1434E2AA00FBE924 /* buspin-overlay.png in Resources */ = {isa = PBXBuildFile; fileRef = D02AA8081434E2AA00FBE924 /* buspin-overlay.png */; };
		D02AA80E1434E2AA00FBE924 /* buspin-overlay@2x.png in Resources */ = {isa = PBXBuildFile; fileRef = D02AA8091434E2AA00FBE924 /* buspin-overlay@2x.png */; };
		D02AA80F1434E2AA00FBE924 /* buspin.svg in Resources */ = {isa = PBXBuildFile; fileRef = D02AA80A1434E2AA00FBE924 /* buspin.svg */; };
		D030E88812C95C8600B712A0 /* NSObject+Swizzle.m in Sources */ = {isa = PBXBuildFile; fileRef = D030E88712C95C8600B712A0 /* NSObject+Swizzle.m */; };
		D03B1B7712CBB6790046BE86 /* Default@2x.png in Resources */ = {isa = PBXBuildFile; fileRef = D03B1B7612CBB6790046BE86 /* Default@2x.png */; };
		D03FB6E919C23C4400718C06 /* Default7-667h@2x.png in Resources */ = {isa = PBXBuildFile; fileRef = D03FB6E719C23C4400718C06 /* Default7-667h@2x.png */; };
		D03FB6EA19C23C4400718C06 /* Default7-736h@3x.png in Resources */ = {isa = PBXBuildFile; fileRef = D03FB6E819C23C4400718C06 /* Default7-736h@3x.png */; };
		D062937E12C3820B0081391C /* Settings.bundle in Resources */ = {isa = PBXBuildFile; fileRef = D062937D12C3820B0081391C /* Settings.bundle */; };
		D062939112C383400081391C /* FMDatabase.m in Sources */ = {isa = PBXBuildFile; fileRef = D062938612C383400081391C /* FMDatabase.m */; };
		D062939212C383400081391C /* FMDatabaseAdditions.m in Sources */ = {isa = PBXBuildFile; fileRef = D062938812C383400081391C /* FMDatabaseAdditions.m */; };
		D062939312C383400081391C /* FMResultSet.m in Sources */ = {isa = PBXBuildFile; fileRef = D062938A12C383400081391C /* FMResultSet.m */; };
		D062939512C383400081391C /* MBProgressHUD.m in Sources */ = {isa = PBXBuildFile; fileRef = D062938E12C383400081391C /* MBProgressHUD.m */; };
		D06293E012C3856A0081391C /* NSString+HexColor.m in Sources */ = {isa = PBXBuildFile; fileRef = D06293A512C3856A0081391C /* NSString+HexColor.m */; };
		D06293E112C3856A0081391C /* OBGradientButton.m in Sources */ = {isa = PBXBuildFile; fileRef = D06293A712C3856A0081391C /* OBGradientButton.m */; };
		D06293E212C3856A0081391C /* OBGradientView.m in Sources */ = {isa = PBXBuildFile; fileRef = D06293A912C3856A0081391C /* OBGradientView.m */; };
		D06293E312C3856A0081391C /* UILabel+SetTextAnimated.m in Sources */ = {isa = PBXBuildFile; fileRef = D06293AB12C3856A0081391C /* UILabel+SetTextAnimated.m */; };
		D06293E412C3856A0081391C /* NSDateAdditions.m in Sources */ = {isa = PBXBuildFile; fileRef = D06293BB12C3856A0081391C /* NSDateAdditions.m */; };
		D06293E512C3856A0081391C /* OTClient.m in Sources */ = {isa = PBXBuildFile; fileRef = D06293BC12C3856A0081391C /* OTClient.m */; };
		D06293E612C3856A0081391C /* OTClientDatabase.m in Sources */ = {isa = PBXBuildFile; fileRef = D06293BD12C3856A0081391C /* OTClientDatabase.m */; };
		D06293E712C3856A0081391C /* OTClientRequests.m in Sources */ = {isa = PBXBuildFile; fileRef = D06293BE12C3856A0081391C /* OTClientRequests.m */; };
		D06293E812C3856A0081391C /* OTClientSingleton.m in Sources */ = {isa = PBXBuildFile; fileRef = D06293BF12C3856A0081391C /* OTClientSingleton.m */; };
		D06293E912C3856A0081391C /* OTClientUpdateDatabase.m in Sources */ = {isa = PBXBuildFile; fileRef = D06293C012C3856A0081391C /* OTClientUpdateDatabase.m */; };
		D06293EA12C3856A0081391C /* OTRDirections.m in Sources */ = {isa = PBXBuildFile; fileRef = D06293C112C3856A0081391C /* OTRDirections.m */; };
		D06293EB12C3856A0081391C /* OTRequest.m in Sources */ = {isa = PBXBuildFile; fileRef = D06293C212C3856A0081391C /* OTRequest.m */; };
		D06293EC12C3856A0081391C /* OTRPatterns.m in Sources */ = {isa = PBXBuildFile; fileRef = D06293C312C3856A0081391C /* OTRPatterns.m */; };
		D06293ED12C3856A0081391C /* OTRPredictions.m in Sources */ = {isa = PBXBuildFile; fileRef = D06293C412C3856A0081391C /* OTRPredictions.m */; };
		D06293EE12C3856A0081391C /* OTRRoutes.m in Sources */ = {isa = PBXBuildFile; fileRef = D06293C512C3856A0081391C /* OTRRoutes.m */; };
		D06293EF12C3856A0081391C /* OTRServiceBulletins.m in Sources */ = {isa = PBXBuildFile; fileRef = D06293C612C3856A0081391C /* OTRServiceBulletins.m */; };
		D06293F012C3856A0081391C /* OTRStops.m in Sources */ = {isa = PBXBuildFile; fileRef = D06293C712C3856A0081391C /* OTRStops.m */; };
		D06293F112C3856A0081391C /* OTRTime.m in Sources */ = {isa = PBXBuildFile; fileRef = D06293C812C3856A0081391C /* OTRTime.m */; };
		D06293F212C3856A0081391C /* OTRVehicles.m in Sources */ = {isa = PBXBuildFile; fileRef = D06293C912C3856A0081391C /* OTRVehicles.m */; };
		D06293F312C3856A0081391C /* main.m in Sources */ = {isa = PBXBuildFile; fileRef = D06293CA12C3856A0081391C /* main.m */; };
		D06293F412C3856A0081391C /* OBAppDelegate.m in Sources */ = {isa = PBXBuildFile; fileRef = D06293CC12C3856A0081391C /* OBAppDelegate.m */; };
		D06293F612C3856A0081391C /* OBAboutViewController.m in Sources */ = {isa = PBXBuildFile; fileRef = D06293D112C3856A0081391C /* OBAboutViewController.m */; };
		D06293F712C3856A0081391C /* OBBulletinsViewController.m in Sources */ = {isa = PBXBuildFile; fileRef = D06293D312C3856A0081391C /* OBBulletinsViewController.m */; };
		D06293F812C3856A0081391C /* OBBulletinViewController.m in Sources */ = {isa = PBXBuildFile; fileRef = D06293D512C3856A0081391C /* OBBulletinViewController.m */; };
		D06293F912C3856A0081391C /* OBPredictionsViewController.m in Sources */ = {isa = PBXBuildFile; fileRef = D06293D712C3856A0081391C /* OBPredictionsViewController.m */; };
		D06293FA12C3856A0081391C /* OBRoutesViewController.m in Sources */ = {isa = PBXBuildFile; fileRef = D06293D912C3856A0081391C /* OBRoutesViewController.m */; };
		D06293FB12C3856A0081391C /* OBStopsViewController.m in Sources */ = {isa = PBXBuildFile; fileRef = D06293DB12C3856A0081391C /* OBStopsViewController.m */; };
		D06293FC12C3856A0081391C /* OBTableViewController.m in Sources */ = {isa = PBXBuildFile; fileRef = D06293DD12C3856A0081391C /* OBTableViewController.m */; };
		D06293FD12C3856A0081391C /* OBTopViewController.m in Sources */ = {isa = PBXBuildFile; fileRef = D06293DF12C3856A0081391C /* OBTopViewController.m */; };
		D062950A12C38D3D0081391C /* OBMapViewController.xib in Resources */ = {isa = PBXBuildFile; fileRef = D062950912C38D3D0081391C /* OBMapViewController.xib */; };
		D062951A12C38F850081391C /* MapKit.framework in Frameworks */ = {isa = PBXBuildFile; fileRef = D062951912C38F850081391C /* MapKit.framework */; };
		D06579F512C926E800AB2874 /* UIImage+ScaleCompat.m in Sources */ = {isa = PBXBuildFile; fileRef = D06579F412C926E800AB2874 /* UIImage+ScaleCompat.m */; };
		D073591112C38042004FC62C /* cabs.db in Resources */ = {isa = PBXBuildFile; fileRef = D07358F212C38042004FC62C /* cabs.db */; };
		D073591412C38042004FC62C /* info.png in Resources */ = {isa = PBXBuildFile; fileRef = D07358F612C38042004FC62C /* info.png */; };
		D073591512C38042004FC62C /* info@2x.png in Resources */ = {isa = PBXBuildFile; fileRef = D07358F712C38042004FC62C /* info@2x.png */; };
		D073591612C38042004FC62C /* licenses.png in Resources */ = {isa = PBXBuildFile; fileRef = D07358F812C38042004FC62C /* licenses.png */; };
		D073591712C38042004FC62C /* licenses@2x.png in Resources */ = {isa = PBXBuildFile; fileRef = D07358F912C38042004FC62C /* licenses@2x.png */; };
		D073591912C38042004FC62C /* Licenses.txt in Resources */ = {isa = PBXBuildFile; fileRef = D07358FB12C38042004FC62C /* Licenses.txt */; };
		D073591A12C38042004FC62C /* MainWindow.xib in Resources */ = {isa = PBXBuildFile; fileRef = D07358FD12C38042004FC62C /* MainWindow.xib */; };
		D073591B12C38042004FC62C /* OBAboutViewController.xib in Resources */ = {isa = PBXBuildFile; fileRef = D07358FE12C38042004FC62C /* OBAboutViewController.xib */; };
		D073591C12C38042004FC62C /* OBBulletinsViewController.xib in Resources */ = {isa = PBXBuildFile; fileRef = D07358FF12C38042004FC62C /* OBBulletinsViewController.xib */; };
		D073591D12C38042004FC62C /* OBBulletinViewController.xib in Resources */ = {isa = PBXBuildFile; fileRef = D073590012C38042004FC62C /* OBBulletinViewController.xib */; };
		D073591E12C38042004FC62C /* OBPredictionsCell.xib in Resources */ = {isa = PBXBuildFile; fileRef = D073590112C38042004FC62C /* OBPredictionsCell.xib */; };
		D073591F12C38042004FC62C /* OBPredictionsViewController.xib in Resources */ = {isa = PBXBuildFile; fileRef = D073590212C38042004FC62C /* OBPredictionsViewController.xib */; };
		D073592012C38042004FC62C /* OBRoutesCell.xib in Resources */ = {isa = PBXBuildFile; fileRef = D073590312C38042004FC62C /* OBRoutesCell.xib */; };
		D073592112C38042004FC62C /* OBRoutesViewController.xib in Resources */ = {isa = PBXBuildFile; fileRef = D073590412C38042004FC62C /* OBRoutesViewController.xib */; };
		D073592212C38042004FC62C /* OBStopsCell.xib in Resources */ = {isa = PBXBuildFile; fileRef = D073590512C38042004FC62C /* OBStopsCell.xib */; };
		D073592312C38042004FC62C /* OBStopsViewController.xib in Resources */ = {isa = PBXBuildFile; fileRef = D073590612C38042004FC62C /* OBStopsViewController.xib */; };
		D073592412C38042004FC62C /* OBTopViewController.xib in Resources */ = {isa = PBXBuildFile; fileRef = D073590712C38042004FC62C /* OBTopViewController.xib */; };
		D073592512C38042004FC62C /* Default.png in Resources */ = {isa = PBXBuildFile; fileRef = D073590912C38042004FC62C /* Default.png */; };
		D073592612C38042004FC62C /* Icon-Small.png in Resources */ = {isa = PBXBuildFile; fileRef = D073590A12C38042004FC62C /* Icon-Small.png */; };
		D073592712C38042004FC62C /* Icon-Small@2x.png in Resources */ = {isa = PBXBuildFile; fileRef = D073590B12C38042004FC62C /* Icon-Small@2x.png */; };
		D073592812C38042004FC62C /* Icon.png in Resources */ = {isa = PBXBuildFile; fileRef = D073590C12C38042004FC62C /* Icon.png */; };
		D073592A12C38042004FC62C /* Icon@2x.png in Resources */ = {isa = PBXBuildFile; fileRef = D073590E12C38042004FC62C /* Icon@2x.png */; };
		D073592B12C38042004FC62C /* iTunesArtwork in Resources */ = {isa = PBXBuildFile; fileRef = D073590F12C38042004FC62C /* iTunesArtwork */; };
		D073592C12C38042004FC62C /* UserDefaults.plist in Resources */ = {isa = PBXBuildFile; fileRef = D073591012C38042004FC62C /* UserDefaults.plist */; };
		D074AA5212C8FEC20085D5F9 /* OBPinView.m in Sources */ = {isa = PBXBuildFile; fileRef = D074AA5112C8FEC20085D5F9 /* OBPinView.m */; };
		D074AAA112C918980085D5F9 /* pin-mask.png in Resources */ = {isa = PBXBuildFile; fileRef = D074AA9D12C918980085D5F9 /* pin-mask.png */; };
		D074AAA212C918980085D5F9 /* pin-mask@2x.png in Resources */ = {isa = PBXBuildFile; fileRef = D074AA9E12C918980085D5F9 /* pin-mask@2x.png */; };
		D074AAA312C918980085D5F9 /* pin-overlay.png in Resources */ = {isa = PBXBuildFile; fileRef = D074AA9F12C918980085D5F9 /* pin-overlay.png */; };
		D074AAA412C918980085D5F9 /* pin-overlay@2x.png in Resources */ = {isa = PBXBuildFile; fileRef = D074AAA012C918980085D5F9 /* pin-overlay@2x.png */; };
		D090A41F1432163100AD4C31 /* OBVehicleAnnotation.m in Sources */ = {isa = PBXBuildFile; fileRef = D090A41E1432163100AD4C31 /* OBVehicleAnnotation.m */; };
		D0A5DE0E19B5944700B05D97 /* buspin-overlay-new.png in Resources */ = {isa = PBXBuildFile; fileRef = D0A5DE0C19B5944700B05D97 /* buspin-overlay-new.png */; };
		D0A5DE0F19B5944700B05D97 /* buspin-overlay-new@2x.png in Resources */ = {isa = PBXBuildFile; fileRef = D0A5DE0D19B5944700B05D97 /* buspin-overlay-new@2x.png */; };
		D0A5DE1219B5945B00B05D97 /* pin-overlay-new.png in Resources */ = {isa = PBXBuildFile; fileRef = D0A5DE1019B5945B00B05D97 /* pin-overlay-new.png */; };
		D0A5DE1319B5945B00B05D97 /* pin-overlay-new@2x.png in Resources */ = {isa = PBXBuildFile; fileRef = D0A5DE1119B5945B00B05D97 /* pin-overlay-new@2x.png */; };
		D0A5DE1519B598A300B05D97 /* Default-568h@2x.png in Resources */ = {isa = PBXBuildFile; fileRef = D0A5DE1419B598A300B05D97 /* Default-568h@2x.png */; };
		D0A6975A19BB4CD400CAAB26 /* Default7-568h@2x.png in Resources */ = {isa = PBXBuildFile; fileRef = D0A6975819BB4CD400CAAB26 /* Default7-568h@2x.png */; };
		D0A6975B19BB4CD400CAAB26 /* Default7@2x.png in Resources */ = {isa = PBXBuildFile; fileRef = D0A6975919BB4CD400CAAB26 /* Default7@2x.png */; };
		D0A6976019C09F2100CAAB26 /* Icon7.png in Resources */ = {isa = PBXBuildFile; fileRef = D0A6975E19C09F2100CAAB26 /* Icon7.png */; };
		D0A6976119C09F2100CAAB26 /* Icon7@2x.png in Resources */ = {isa = PBXBuildFile; fileRef = D0A6975F19C09F2100CAAB26 /* Icon7@2x.png */; };
		D0A6976419C09FE000CAAB26 /* Icon-Small7.png in Resources */ = {isa = PBXBuildFile; fileRef = D0A6976219C09FE000CAAB26 /* Icon-Small7.png */; };
		D0A6976519C09FE000CAAB26 /* Icon-Small7@2x.png in Resources */ = {isa = PBXBuildFile; fileRef = D0A6976319C09FE000CAAB26 /* Icon-Small7@2x.png */; };
		D0A6976819C0BA5200CAAB26 /* OBInsetLabel.m in Sources */ = {isa = PBXBuildFile; fileRef = D0A6976719C0BA5200CAAB26 /* OBInsetLabel.m */; };
		D0A6976B19C0D2AE00CAAB26 /* OBPatternOverlay.m in Sources */ = {isa = PBXBuildFile; fileRef = D0A6976A19C0D2AE00CAAB26 /* OBPatternOverlay.m */; };
		D0A6976E19C0DB0C00CAAB26 /* OBPolylineView.m in Sources */ = {isa = PBXBuildFile; fileRef = D0A6976D19C0DB0C00CAAB26 /* OBPolylineView.m */; };
		D0A6977119C0E01000CAAB26 /* OBColorBandView.m in Sources */ = {isa = PBXBuildFile; fileRef = D0A6977019C0E01000CAAB26 /* OBColorBandView.m */; };
		D0ABB0EF16265DE900B3C2E8 /* UIViewController+PresentingCompat.m in Sources */ = {isa = PBXBuildFile; fileRef = D0ABB0EE16265DE900B3C2E8 /* UIViewController+PresentingCompat.m */; };
		D0AF5DF112C5119A00813A24 /* OBMapViewController.m in Sources */ = {isa = PBXBuildFile; fileRef = D0AF5DF012C5119A00813A24 /* OBMapViewController.m */; };
		D0AF5DF612C5129100813A24 /* OBStopAnnotation.m in Sources */ = {isa = PBXBuildFile; fileRef = D0AF5DF512C5129100813A24 /* OBStopAnnotation.m */; };
		D0B3F4DB12CA988F00E9E5C8 /* ChangeLog.txt in Resources */ = {isa = PBXBuildFile; fileRef = D0B3F4DA12CA988F00E9E5C8 /* ChangeLog.txt */; };
		D0B5DD14117E4BA100D15F53 /* CoreLocation.framework in Frameworks */ = {isa = PBXBuildFile; fileRef = D0B5DD13117E4BA100D15F53 /* CoreLocation.framework */; };
		D0B9D12B12DCE1E600D933C5 /* locate-active.png in Resources */ = {isa = PBXBuildFile; fileRef = D0B9D12612DCE1E600D933C5 /* locate-active.png */; };
		D0B9D12C12DCE1E600D933C5 /* locate-active@2x.png in Resources */ = {isa = PBXBuildFile; fileRef = D0B9D12712DCE1E600D933C5 /* locate-active@2x.png */; };
		D0B9D12D12DCE1E600D933C5 /* locate.png in Resources */ = {isa = PBXBuildFile; fileRef = D0B9D12812DCE1E600D933C5 /* locate.png */; };
		D0B9D12E12DCE1E600D933C5 /* locate.svg in Resources */ = {isa = PBXBuildFile; fileRef = D0B9D12912DCE1E600D933C5 /* locate.svg */; };
		D0B9D12F12DCE1E600D933C5 /* locate@2x.png in Resources */ = {isa = PBXBuildFile; fileRef = D0B9D12A12DCE1E600D933C5 /* locate@2x.png */; };
		D0B9D16912DCE7A300D933C5 /* favorites-add.png in Resources */ = {isa = PBXBuildFile; fileRef = D0B9D16512DCE7A300D933C5 /* favorites-add.png */; };
		D0B9D16A12DCE7A300D933C5 /* favorites-add@2x.png in Resources */ = {isa = PBXBuildFile; fileRef = D0B9D16612DCE7A300D933C5 /* favorites-add@2x.png */; };
		D0B9D16B12DCE7A300D933C5 /* favorites-remove.png in Resources */ = {isa = PBXBuildFile; fileRef = D0B9D16712DCE7A300D933C5 /* favorites-remove.png */; };
		D0B9D16C12DCE7A300D933C5 /* favorites-remove@2x.png in Resources */ = {isa = PBXBuildFile; fileRef = D0B9D16812DCE7A300D933C5 /* favorites-remove@2x.png */; };
		D0B9D17712DCED4A00D933C5 /* favorites.svg in Resources */ = {isa = PBXBuildFile; fileRef = D0B9D17612DCED4A00D933C5 /* favorites.svg */; };
		D0BCBA3C12C8E0D000C40415 /* UIViewController+ViewDidLoadPairing.m in Sources */ = {isa = PBXBuildFile; fileRef = D0BCBA3B12C8E0D000C40415 /* UIViewController+ViewDidLoadPairing.m */; };
		D0C4149812B765A500510999 /* QuartzCore.framework in Frameworks */ = {isa = PBXBuildFile; fileRef = D0C4149712B765A500510999 /* QuartzCore.framework */; };
/* End PBXBuildFile section */

/* Begin PBXFileReference section */
		1D30AB110D05D00D00671497 /* Foundation.framework */ = {isa = PBXFileReference; lastKnownFileType = wrapper.framework; name = Foundation.framework; path = System/Library/Frameworks/Foundation.framework; sourceTree = SDKROOT; };
		1D6058910D05DD3D006BFB54 /* OSU Bus.app */ = {isa = PBXFileReference; explicitFileType = wrapper.application; includeInIndex = 0; path = "OSU Bus.app"; sourceTree = BUILT_PRODUCTS_DIR; };
		1DF5F4DF0D08C38300B7A737 /* UIKit.framework */ = {isa = PBXFileReference; lastKnownFileType = wrapper.framework; name = UIKit.framework; path = System/Library/Frameworks/UIKit.framework; sourceTree = SDKROOT; };
		288765FC0DF74451002DB57D /* CoreGraphics.framework */ = {isa = PBXFileReference; lastKnownFileType = wrapper.framework; name = CoreGraphics.framework; path = System/Library/Frameworks/CoreGraphics.framework; sourceTree = SDKROOT; };
		D003744C1139EBC600053FCB /* LICENSE */ = {isa = PBXFileReference; fileEncoding = 4; lastKnownFileType = text; path = LICENSE; sourceTree = "<group>"; };
		D00374A61139EF0400053FCB /* libsqlite3.dylib */ = {isa = PBXFileReference; lastKnownFileType = "compiled.mach-o.dylib"; name = libsqlite3.dylib; path = usr/lib/libsqlite3.dylib; sourceTree = SDKROOT; };
		D017A33712DB600E006A060E /* MKMapView+ZoomLevel.h */ = {isa = PBXFileReference; fileEncoding = 4; lastKnownFileType = sourcecode.c.h; path = "MKMapView+ZoomLevel.h"; sourceTree = "<group>"; };
		D017A33812DB600E006A060E /* MKMapView+ZoomLevel.m */ = {isa = PBXFileReference; fileEncoding = 4; lastKnownFileType = sourcecode.c.objc; path = "MKMapView+ZoomLevel.m"; sourceTree = "<group>"; };
		D017A36B12DB79BD006A060E /* UIApplication+NiceNetworkIndicator.h */ = {isa = PBXFileReference; fileEncoding = 4; lastKnownFileType = sourcecode.c.h; path = "UIApplication+NiceNetworkIndicator.h"; sourceTree = "<group>"; };
		D017A36C12DB79BD006A060E /* UIApplication+NiceNetworkIndicator.m */ = {isa = PBXFileReference; fileEncoding = 4; lastKnownFileType = sourcecode.c.objc; path = "UIApplication+NiceNetworkIndicator.m"; sourceTree = "<group>"; };
		D02AA8061434E2AA00FBE924 /* buspin-mask.png */ = {isa = PBXFileReference; lastKnownFileType = image.png; path = "buspin-mask.png"; sourceTree = "<group>"; };
		D02AA8071434E2AA00FBE924 /* buspin-mask@2x.png */ = {isa = PBXFileReference; lastKnownFileType = image.png; path = "buspin-mask@2x.png"; sourceTree = "<group>"; };
		D02AA8081434E2AA00FBE924 /* buspin-overlay.png */ = {isa = PBXFileReference; lastKnownFileType = image.png; path = "buspin-overlay.png"; sourceTree = "<group>"; };
		D02AA8091434E2AA00FBE924 /* buspin-overlay@2x.png */ = {isa = PBXFileReference; lastKnownFileType = image.png; path = "buspin-overlay@2x.png"; sourceTree = "<group>"; };
		D02AA80A1434E2AA00FBE924 /* buspin.svg */ = {isa = PBXFileReference; fileEncoding = 4; lastKnownFileType = text.xml; path = buspin.svg; sourceTree = "<group>"; };
		D030E88612C95C8600B712A0 /* NSObject+Swizzle.h */ = {isa = PBXFileReference; fileEncoding = 4; lastKnownFileType = sourcecode.c.h; path = "NSObject+Swizzle.h"; sourceTree = "<group>"; };
		D030E88712C95C8600B712A0 /* NSObject+Swizzle.m */ = {isa = PBXFileReference; fileEncoding = 4; lastKnownFileType = sourcecode.c.objc; path = "NSObject+Swizzle.m"; sourceTree = "<group>"; };
		D03B1B7612CBB6790046BE86 /* Default@2x.png */ = {isa = PBXFileReference; lastKnownFileType = image.png; path = "Default@2x.png"; sourceTree = "<group>"; };
		D03FB6E719C23C4400718C06 /* Default7-667h@2x.png */ = {isa = PBXFileReference; lastKnownFileType = image.png; path = "Default7-667h@2x.png"; sourceTree = "<group>"; };
		D03FB6E819C23C4400718C06 /* Default7-736h@3x.png */ = {isa = PBXFileReference; lastKnownFileType = image.png; path = "Default7-736h@3x.png"; sourceTree = "<group>"; };
		D062937D12C3820B0081391C /* Settings.bundle */ = {isa = PBXFileReference; lastKnownFileType = "wrapper.plug-in"; path = Settings.bundle; sourceTree = "<group>"; };
		D062938312C383400081391C /* CHANGES_AND_TODO_LIST.txt */ = {isa = PBXFileReference; fileEncoding = 4; lastKnownFileType = text; path = CHANGES_AND_TODO_LIST.txt; sourceTree = "<group>"; };
		D062938412C383400081391C /* CONTRIBUTORS.txt */ = {isa = PBXFileReference; fileEncoding = 4; lastKnownFileType = text; path = CONTRIBUTORS.txt; sourceTree = "<group>"; };
		D062938512C383400081391C /* FMDatabase.h */ = {isa = PBXFileReference; fileEncoding = 4; lastKnownFileType = sourcecode.c.h; path = FMDatabase.h; sourceTree = "<group>"; };
		D062938612C383400081391C /* FMDatabase.m */ = {isa = PBXFileReference; fileEncoding = 4; lastKnownFileType = sourcecode.c.objc; path = FMDatabase.m; sourceTree = "<group>"; };
		D062938712C383400081391C /* FMDatabaseAdditions.h */ = {isa = PBXFileReference; fileEncoding = 4; lastKnownFileType = sourcecode.c.h; path = FMDatabaseAdditions.h; sourceTree = "<group>"; };
		D062938812C383400081391C /* FMDatabaseAdditions.m */ = {isa = PBXFileReference; fileEncoding = 4; lastKnownFileType = sourcecode.c.objc; path = FMDatabaseAdditions.m; sourceTree = "<group>"; };
		D062938912C383400081391C /* FMResultSet.h */ = {isa = PBXFileReference; fileEncoding = 4; lastKnownFileType = sourcecode.c.h; path = FMResultSet.h; sourceTree = "<group>"; };
		D062938A12C383400081391C /* FMResultSet.m */ = {isa = PBXFileReference; fileEncoding = 4; lastKnownFileType = sourcecode.c.objc; path = FMResultSet.m; sourceTree = "<group>"; };
		D062938B12C383400081391C /* LICENSE.txt */ = {isa = PBXFileReference; fileEncoding = 4; lastKnownFileType = text; path = LICENSE.txt; sourceTree = "<group>"; };
		D062938D12C383400081391C /* MBProgressHUD.h */ = {isa = PBXFileReference; fileEncoding = 4; lastKnownFileType = sourcecode.c.h; path = MBProgressHUD.h; sourceTree = "<group>"; };
		D062938E12C383400081391C /* MBProgressHUD.m */ = {isa = PBXFileReference; fileEncoding = 4; lastKnownFileType = sourcecode.c.objc; path = MBProgressHUD.m; sourceTree = "<group>"; };
		D062939C12C383950081391C /* Entitlements.plist */ = {isa = PBXFileReference; fileEncoding = 4; lastKnownFileType = text.plist.xml; path = Entitlements.plist; sourceTree = "<group>"; };
		D06293A412C3856A0081391C /* NSString+HexColor.h */ = {isa = PBXFileReference; fileEncoding = 4; lastKnownFileType = sourcecode.c.h; path = "NSString+HexColor.h"; sourceTree = "<group>"; };
		D06293A512C3856A0081391C /* NSString+HexColor.m */ = {isa = PBXFileReference; fileEncoding = 4; lastKnownFileType = sourcecode.c.objc; path = "NSString+HexColor.m"; sourceTree = "<group>"; };
		D06293A612C3856A0081391C /* OBGradientButton.h */ = {isa = PBXFileReference; fileEncoding = 4; lastKnownFileType = sourcecode.c.h; path = OBGradientButton.h; sourceTree = "<group>"; };
		D06293A712C3856A0081391C /* OBGradientButton.m */ = {isa = PBXFileReference; fileEncoding = 4; lastKnownFileType = sourcecode.c.objc; path = OBGradientButton.m; sourceTree = "<group>"; };
		D06293A812C3856A0081391C /* OBGradientView.h */ = {isa = PBXFileReference; fileEncoding = 4; lastKnownFileType = sourcecode.c.h; path = OBGradientView.h; sourceTree = "<group>"; };
		D06293A912C3856A0081391C /* OBGradientView.m */ = {isa = PBXFileReference; fileEncoding = 4; lastKnownFileType = sourcecode.c.objc; path = OBGradientView.m; sourceTree = "<group>"; };
		D06293AA12C3856A0081391C /* UILabel+SetTextAnimated.h */ = {isa = PBXFileReference; fileEncoding = 4; lastKnownFileType = sourcecode.c.h; path = "UILabel+SetTextAnimated.h"; sourceTree = "<group>"; };
		D06293AB12C3856A0081391C /* UILabel+SetTextAnimated.m */ = {isa = PBXFileReference; fileEncoding = 4; lastKnownFileType = sourcecode.c.objc; path = "UILabel+SetTextAnimated.m"; sourceTree = "<group>"; };
		D06293AE12C3856A0081391C /* NSDateAdditions.h */ = {isa = PBXFileReference; fileEncoding = 4; lastKnownFileType = sourcecode.c.h; path = NSDateAdditions.h; sourceTree = "<group>"; };
		D06293AF12C3856A0081391C /* OTClient.h */ = {isa = PBXFileReference; fileEncoding = 4; lastKnownFileType = sourcecode.c.h; path = OTClient.h; sourceTree = "<group>"; };
		D06293B012C3856A0081391C /* OTClientUpdateDatabase.h */ = {isa = PBXFileReference; fileEncoding = 4; lastKnownFileType = sourcecode.c.h; path = OTClientUpdateDatabase.h; sourceTree = "<group>"; };
		D06293B112C3856A0081391C /* OTRDirections.h */ = {isa = PBXFileReference; fileEncoding = 4; lastKnownFileType = sourcecode.c.h; path = OTRDirections.h; sourceTree = "<group>"; };
		D06293B212C3856A0081391C /* OTRequest.h */ = {isa = PBXFileReference; fileEncoding = 4; lastKnownFileType = sourcecode.c.h; path = OTRequest.h; sourceTree = "<group>"; };
		D06293B312C3856A0081391C /* OTRPatterns.h */ = {isa = PBXFileReference; fileEncoding = 4; lastKnownFileType = sourcecode.c.h; path = OTRPatterns.h; sourceTree = "<group>"; };
		D06293B412C3856A0081391C /* OTRPredictions.h */ = {isa = PBXFileReference; fileEncoding = 4; lastKnownFileType = sourcecode.c.h; path = OTRPredictions.h; sourceTree = "<group>"; };
		D06293B512C3856A0081391C /* OTRRoutes.h */ = {isa = PBXFileReference; fileEncoding = 4; lastKnownFileType = sourcecode.c.h; path = OTRRoutes.h; sourceTree = "<group>"; };
		D06293B612C3856A0081391C /* OTRServiceBulletins.h */ = {isa = PBXFileReference; fileEncoding = 4; lastKnownFileType = sourcecode.c.h; path = OTRServiceBulletins.h; sourceTree = "<group>"; };
		D06293B712C3856A0081391C /* OTRStops.h */ = {isa = PBXFileReference; fileEncoding = 4; lastKnownFileType = sourcecode.c.h; path = OTRStops.h; sourceTree = "<group>"; };
		D06293B812C3856A0081391C /* OTRTime.h */ = {isa = PBXFileReference; fileEncoding = 4; lastKnownFileType = sourcecode.c.h; path = OTRTime.h; sourceTree = "<group>"; };
		D06293B912C3856A0081391C /* OTRVehicles.h */ = {isa = PBXFileReference; fileEncoding = 4; lastKnownFileType = sourcecode.c.h; path = OTRVehicles.h; sourceTree = "<group>"; };
		D06293BB12C3856A0081391C /* NSDateAdditions.m */ = {isa = PBXFileReference; fileEncoding = 4; lastKnownFileType = sourcecode.c.objc; path = NSDateAdditions.m; sourceTree = "<group>"; };
		D06293BC12C3856A0081391C /* OTClient.m */ = {isa = PBXFileReference; fileEncoding = 4; lastKnownFileType = sourcecode.c.objc; path = OTClient.m; sourceTree = "<group>"; };
		D06293BD12C3856A0081391C /* OTClientDatabase.m */ = {isa = PBXFileReference; fileEncoding = 4; lastKnownFileType = sourcecode.c.objc; path = OTClientDatabase.m; sourceTree = "<group>"; };
		D06293BE12C3856A0081391C /* OTClientRequests.m */ = {isa = PBXFileReference; fileEncoding = 4; lastKnownFileType = sourcecode.c.objc; path = OTClientRequests.m; sourceTree = "<group>"; };
		D06293BF12C3856A0081391C /* OTClientSingleton.m */ = {isa = PBXFileReference; fileEncoding = 4; lastKnownFileType = sourcecode.c.objc; path = OTClientSingleton.m; sourceTree = "<group>"; };
		D06293C012C3856A0081391C /* OTClientUpdateDatabase.m */ = {isa = PBXFileReference; fileEncoding = 4; lastKnownFileType = sourcecode.c.objc; path = OTClientUpdateDatabase.m; sourceTree = "<group>"; };
		D06293C112C3856A0081391C /* OTRDirections.m */ = {isa = PBXFileReference; fileEncoding = 4; lastKnownFileType = sourcecode.c.objc; path = OTRDirections.m; sourceTree = "<group>"; };
		D06293C212C3856A0081391C /* OTRequest.m */ = {isa = PBXFileReference; fileEncoding = 4; lastKnownFileType = sourcecode.c.objc; path = OTRequest.m; sourceTree = "<group>"; };
		D06293C312C3856A0081391C /* OTRPatterns.m */ = {isa = PBXFileReference; fileEncoding = 4; lastKnownFileType = sourcecode.c.objc; path = OTRPatterns.m; sourceTree = "<group>"; };
		D06293C412C3856A0081391C /* OTRPredictions.m */ = {isa = PBXFileReference; fileEncoding = 4; lastKnownFileType = sourcecode.c.objc; path = OTRPredictions.m; sourceTree = "<group>"; };
		D06293C512C3856A0081391C /* OTRRoutes.m */ = {isa = PBXFileReference; fileEncoding = 4; lastKnownFileType = sourcecode.c.objc; path = OTRRoutes.m; sourceTree = "<group>"; };
		D06293C612C3856A0081391C /* OTRServiceBulletins.m */ = {isa = PBXFileReference; fileEncoding = 4; lastKnownFileType = sourcecode.c.objc; path = OTRServiceBulletins.m; sourceTree = "<group>"; };
		D06293C712C3856A0081391C /* OTRStops.m */ = {isa = PBXFileReference; fileEncoding = 4; lastKnownFileType = sourcecode.c.objc; path = OTRStops.m; sourceTree = "<group>"; };
		D06293C812C3856A0081391C /* OTRTime.m */ = {isa = PBXFileReference; fileEncoding = 4; lastKnownFileType = sourcecode.c.objc; path = OTRTime.m; sourceTree = "<group>"; };
		D06293C912C3856A0081391C /* OTRVehicles.m */ = {isa = PBXFileReference; fileEncoding = 4; lastKnownFileType = sourcecode.c.objc; path = OTRVehicles.m; sourceTree = "<group>"; };
		D06293CA12C3856A0081391C /* main.m */ = {isa = PBXFileReference; fileEncoding = 4; lastKnownFileType = sourcecode.c.objc; path = main.m; sourceTree = "<group>"; };
		D06293CB12C3856A0081391C /* OBAppDelegate.h */ = {isa = PBXFileReference; fileEncoding = 4; lastKnownFileType = sourcecode.c.h; path = OBAppDelegate.h; sourceTree = "<group>"; };
		D06293CC12C3856A0081391C /* OBAppDelegate.m */ = {isa = PBXFileReference; fileEncoding = 4; lastKnownFileType = sourcecode.c.objc; path = OBAppDelegate.m; sourceTree = "<group>"; };
		D06293CD12C3856A0081391C /* prefix.pch */ = {isa = PBXFileReference; fileEncoding = 4; lastKnownFileType = sourcecode.c.h; path = prefix.pch; sourceTree = "<group>"; };
		D06293D012C3856A0081391C /* OBAboutViewController.h */ = {isa = PBXFileReference; fileEncoding = 4; lastKnownFileType = sourcecode.c.h; path = OBAboutViewController.h; sourceTree = "<group>"; };
		D06293D112C3856A0081391C /* OBAboutViewController.m */ = {isa = PBXFileReference; fileEncoding = 4; lastKnownFileType = sourcecode.c.objc; path = OBAboutViewController.m; sourceTree = "<group>"; };
		D06293D212C3856A0081391C /* OBBulletinsViewController.h */ = {isa = PBXFileReference; fileEncoding = 4; lastKnownFileType = sourcecode.c.h; path = OBBulletinsViewController.h; sourceTree = "<group>"; };
		D06293D312C3856A0081391C /* OBBulletinsViewController.m */ = {isa = PBXFileReference; fileEncoding = 4; lastKnownFileType = sourcecode.c.objc; path = OBBulletinsViewController.m; sourceTree = "<group>"; };
		D06293D412C3856A0081391C /* OBBulletinViewController.h */ = {isa = PBXFileReference; fileEncoding = 4; lastKnownFileType = sourcecode.c.h; path = OBBulletinViewController.h; sourceTree = "<group>"; };
		D06293D512C3856A0081391C /* OBBulletinViewController.m */ = {isa = PBXFileReference; fileEncoding = 4; lastKnownFileType = sourcecode.c.objc; path = OBBulletinViewController.m; sourceTree = "<group>"; };
		D06293D612C3856A0081391C /* OBPredictionsViewController.h */ = {isa = PBXFileReference; fileEncoding = 4; lastKnownFileType = sourcecode.c.h; path = OBPredictionsViewController.h; sourceTree = "<group>"; };
		D06293D712C3856A0081391C /* OBPredictionsViewController.m */ = {isa = PBXFileReference; fileEncoding = 4; lastKnownFileType = sourcecode.c.objc; path = OBPredictionsViewController.m; sourceTree = "<group>"; };
		D06293D812C3856A0081391C /* OBRoutesViewController.h */ = {isa = PBXFileReference; fileEncoding = 4; lastKnownFileType = sourcecode.c.h; path = OBRoutesViewController.h; sourceTree = "<group>"; };
		D06293D912C3856A0081391C /* OBRoutesViewController.m */ = {isa = PBXFileReference; fileEncoding = 4; lastKnownFileType = sourcecode.c.objc; path = OBRoutesViewController.m; sourceTree = "<group>"; };
		D06293DA12C3856A0081391C /* OBStopsViewController.h */ = {isa = PBXFileReference; fileEncoding = 4; lastKnownFileType = sourcecode.c.h; path = OBStopsViewController.h; sourceTree = "<group>"; };
		D06293DB12C3856A0081391C /* OBStopsViewController.m */ = {isa = PBXFileReference; fileEncoding = 4; lastKnownFileType = sourcecode.c.objc; path = OBStopsViewController.m; sourceTree = "<group>"; };
		D06293DC12C3856A0081391C /* OBTableViewController.h */ = {isa = PBXFileReference; fileEncoding = 4; lastKnownFileType = sourcecode.c.h; path = OBTableViewController.h; sourceTree = "<group>"; };
		D06293DD12C3856A0081391C /* OBTableViewController.m */ = {isa = PBXFileReference; fileEncoding = 4; lastKnownFileType = sourcecode.c.objc; path = OBTableViewController.m; sourceTree = "<group>"; };
		D06293DE12C3856A0081391C /* OBTopViewController.h */ = {isa = PBXFileReference; fileEncoding = 4; lastKnownFileType = sourcecode.c.h; path = OBTopViewController.h; sourceTree = "<group>"; };
		D06293DF12C3856A0081391C /* OBTopViewController.m */ = {isa = PBXFileReference; fileEncoding = 4; lastKnownFileType = sourcecode.c.objc; path = OBTopViewController.m; sourceTree = "<group>"; };
		D062940E12C386790081391C /* ReleaseChecklist.txt */ = {isa = PBXFileReference; fileEncoding = 4; lastKnownFileType = text; path = ReleaseChecklist.txt; sourceTree = "<group>"; };
		D062950912C38D3D0081391C /* OBMapViewController.xib */ = {isa = PBXFileReference; lastKnownFileType = file.xib; path = OBMapViewController.xib; sourceTree = "<group>"; };
		D062951912C38F850081391C /* MapKit.framework */ = {isa = PBXFileReference; lastKnownFileType = wrapper.framework; name = MapKit.framework; path = System/Library/Frameworks/MapKit.framework; sourceTree = SDKROOT; };
		D06579F312C926E800AB2874 /* UIImage+ScaleCompat.h */ = {isa = PBXFileReference; fileEncoding = 4; lastKnownFileType = sourcecode.c.h; path = "UIImage+ScaleCompat.h"; sourceTree = "<group>"; };
		D06579F412C926E800AB2874 /* UIImage+ScaleCompat.m */ = {isa = PBXFileReference; fileEncoding = 4; lastKnownFileType = sourcecode.c.objc; path = "UIImage+ScaleCompat.m"; sourceTree = "<group>"; };
		D07358F212C38042004FC62C /* cabs.db */ = {isa = PBXFileReference; lastKnownFileType = file; path = cabs.db; sourceTree = "<group>"; };
		D07358F612C38042004FC62C /* info.png */ = {isa = PBXFileReference; lastKnownFileType = image.png; path = info.png; sourceTree = "<group>"; };
		D07358F712C38042004FC62C /* info@2x.png */ = {isa = PBXFileReference; lastKnownFileType = image.png; path = "info@2x.png"; sourceTree = "<group>"; };
		D07358F812C38042004FC62C /* licenses.png */ = {isa = PBXFileReference; lastKnownFileType = image.png; path = licenses.png; sourceTree = "<group>"; };
		D07358F912C38042004FC62C /* licenses@2x.png */ = {isa = PBXFileReference; lastKnownFileType = image.png; path = "licenses@2x.png"; sourceTree = "<group>"; };
		D07358FA12C38042004FC62C /* Info.plist */ = {isa = PBXFileReference; fileEncoding = 4; lastKnownFileType = text.plist.xml; path = Info.plist; sourceTree = "<group>"; };
		D07358FB12C38042004FC62C /* Licenses.txt */ = {isa = PBXFileReference; fileEncoding = 4; lastKnownFileType = text; path = Licenses.txt; sourceTree = "<group>"; };
		D07358FD12C38042004FC62C /* MainWindow.xib */ = {isa = PBXFileReference; lastKnownFileType = file.xib; path = MainWindow.xib; sourceTree = "<group>"; };
		D07358FE12C38042004FC62C /* OBAboutViewController.xib */ = {isa = PBXFileReference; lastKnownFileType = file.xib; path = OBAboutViewController.xib; sourceTree = "<group>"; };
		D07358FF12C38042004FC62C /* OBBulletinsViewController.xib */ = {isa = PBXFileReference; lastKnownFileType = file.xib; path = OBBulletinsViewController.xib; sourceTree = "<group>"; };
		D073590012C38042004FC62C /* OBBulletinViewController.xib */ = {isa = PBXFileReference; lastKnownFileType = file.xib; path = OBBulletinViewController.xib; sourceTree = "<group>"; };
		D073590112C38042004FC62C /* OBPredictionsCell.xib */ = {isa = PBXFileReference; lastKnownFileType = file.xib; path = OBPredictionsCell.xib; sourceTree = "<group>"; };
		D073590212C38042004FC62C /* OBPredictionsViewController.xib */ = {isa = PBXFileReference; lastKnownFileType = file.xib; path = OBPredictionsViewController.xib; sourceTree = "<group>"; };
		D073590312C38042004FC62C /* OBRoutesCell.xib */ = {isa = PBXFileReference; lastKnownFileType = file.xib; path = OBRoutesCell.xib; sourceTree = "<group>"; };
		D073590412C38042004FC62C /* OBRoutesViewController.xib */ = {isa = PBXFileReference; lastKnownFileType = file.xib; path = OBRoutesViewController.xib; sourceTree = "<group>"; };
		D073590512C38042004FC62C /* OBStopsCell.xib */ = {isa = PBXFileReference; lastKnownFileType = file.xib; path = OBStopsCell.xib; sourceTree = "<group>"; };
		D073590612C38042004FC62C /* OBStopsViewController.xib */ = {isa = PBXFileReference; lastKnownFileType = file.xib; path = OBStopsViewController.xib; sourceTree = "<group>"; };
		D073590712C38042004FC62C /* OBTopViewController.xib */ = {isa = PBXFileReference; lastKnownFileType = file.xib; path = OBTopViewController.xib; sourceTree = "<group>"; };
		D073590912C38042004FC62C /* Default.png */ = {isa = PBXFileReference; lastKnownFileType = image.png; path = Default.png; sourceTree = "<group>"; };
		D073590A12C38042004FC62C /* Icon-Small.png */ = {isa = PBXFileReference; lastKnownFileType = image.png; path = "Icon-Small.png"; sourceTree = "<group>"; };
		D073590B12C38042004FC62C /* Icon-Small@2x.png */ = {isa = PBXFileReference; lastKnownFileType = image.png; path = "Icon-Small@2x.png"; sourceTree = "<group>"; };
		D073590C12C38042004FC62C /* Icon.png */ = {isa = PBXFileReference; lastKnownFileType = image.png; path = Icon.png; sourceTree = "<group>"; };
		D073590D12C38042004FC62C /* Icon.svg */ = {isa = PBXFileReference; fileEncoding = 4; lastKnownFileType = text.xml; path = Icon.svg; sourceTree = "<group>"; };
		D073590E12C38042004FC62C /* Icon@2x.png */ = {isa = PBXFileReference; lastKnownFileType = image.png; path = "Icon@2x.png"; sourceTree = "<group>"; };
		D073590F12C38042004FC62C /* iTunesArtwork */ = {isa = PBXFileReference; lastKnownFileType = file; path = iTunesArtwork; sourceTree = "<group>"; };
		D073591012C38042004FC62C /* UserDefaults.plist */ = {isa = PBXFileReference; fileEncoding = 4; lastKnownFileType = text.plist.xml; path = UserDefaults.plist; sourceTree = "<group>"; };
		D074AA5012C8FEC20085D5F9 /* OBPinView.h */ = {isa = PBXFileReference; fileEncoding = 4; lastKnownFileType = sourcecode.c.h; path = OBPinView.h; sourceTree = "<group>"; };
		D074AA5112C8FEC20085D5F9 /* OBPinView.m */ = {isa = PBXFileReference; fileEncoding = 4; lastKnownFileType = sourcecode.c.objc; path = OBPinView.m; sourceTree = "<group>"; };
		D074AA9D12C918980085D5F9 /* pin-mask.png */ = {isa = PBXFileReference; lastKnownFileType = image.png; path = "pin-mask.png"; sourceTree = "<group>"; };
		D074AA9E12C918980085D5F9 /* pin-mask@2x.png */ = {isa = PBXFileReference; lastKnownFileType = image.png; path = "pin-mask@2x.png"; sourceTree = "<group>"; };
		D074AA9F12C918980085D5F9 /* pin-overlay.png */ = {isa = PBXFileReference; lastKnownFileType = image.png; path = "pin-overlay.png"; sourceTree = "<group>"; };
		D074AAA012C918980085D5F9 /* pin-overlay@2x.png */ = {isa = PBXFileReference; lastKnownFileType = image.png; path = "pin-overlay@2x.png"; sourceTree = "<group>"; };
		D074AAB412C918F80085D5F9 /* pin.svg */ = {isa = PBXFileReference; fileEncoding = 4; lastKnownFileType = text.xml; path = pin.svg; sourceTree = "<group>"; };
		D090A41D1432163000AD4C31 /* OBVehicleAnnotation.h */ = {isa = PBXFileReference; fileEncoding = 4; lastKnownFileType = sourcecode.c.h; path = OBVehicleAnnotation.h; sourceTree = "<group>"; };
		D090A41E1432163100AD4C31 /* OBVehicleAnnotation.m */ = {isa = PBXFileReference; fileEncoding = 4; lastKnownFileType = sourcecode.c.objc; path = OBVehicleAnnotation.m; sourceTree = "<group>"; };
		D0A5DE0C19B5944700B05D97 /* buspin-overlay-new.png */ = {isa = PBXFileReference; lastKnownFileType = image.png; path = "buspin-overlay-new.png"; sourceTree = "<group>"; };
		D0A5DE0D19B5944700B05D97 /* buspin-overlay-new@2x.png */ = {isa = PBXFileReference; lastKnownFileType = image.png; path = "buspin-overlay-new@2x.png"; sourceTree = "<group>"; };
		D0A5DE1019B5945B00B05D97 /* pin-overlay-new.png */ = {isa = PBXFileReference; lastKnownFileType = image.png; path = "pin-overlay-new.png"; sourceTree = "<group>"; };
		D0A5DE1119B5945B00B05D97 /* pin-overlay-new@2x.png */ = {isa = PBXFileReference; lastKnownFileType = image.png; path = "pin-overlay-new@2x.png"; sourceTree = "<group>"; };
		D0A5DE1419B598A300B05D97 /* Default-568h@2x.png */ = {isa = PBXFileReference; lastKnownFileType = image.png; path = "Default-568h@2x.png"; sourceTree = "<group>"; };
		D0A6975819BB4CD400CAAB26 /* Default7-568h@2x.png */ = {isa = PBXFileReference; lastKnownFileType = image.png; path = "Default7-568h@2x.png"; sourceTree = "<group>"; };
		D0A6975919BB4CD400CAAB26 /* Default7@2x.png */ = {isa = PBXFileReference; lastKnownFileType = image.png; path = "Default7@2x.png"; sourceTree = "<group>"; };
		D0A6975E19C09F2100CAAB26 /* Icon7.png */ = {isa = PBXFileReference; lastKnownFileType = image.png; path = Icon7.png; sourceTree = "<group>"; };
		D0A6975F19C09F2100CAAB26 /* Icon7@2x.png */ = {isa = PBXFileReference; lastKnownFileType = image.png; path = "Icon7@2x.png"; sourceTree = "<group>"; };
		D0A6976219C09FE000CAAB26 /* Icon-Small7.png */ = {isa = PBXFileReference; lastKnownFileType = image.png; path = "Icon-Small7.png"; sourceTree = "<group>"; };
		D0A6976319C09FE000CAAB26 /* Icon-Small7@2x.png */ = {isa = PBXFileReference; lastKnownFileType = image.png; path = "Icon-Small7@2x.png"; sourceTree = "<group>"; };
		D0A6976619C0BA5200CAAB26 /* OBInsetLabel.h */ = {isa = PBXFileReference; fileEncoding = 4; lastKnownFileType = sourcecode.c.h; path = OBInsetLabel.h; sourceTree = "<group>"; };
		D0A6976719C0BA5200CAAB26 /* OBInsetLabel.m */ = {isa = PBXFileReference; fileEncoding = 4; lastKnownFileType = sourcecode.c.objc; path = OBInsetLabel.m; sourceTree = "<group>"; };
		D0A6976919C0D2AE00CAAB26 /* OBPatternOverlay.h */ = {isa = PBXFileReference; fileEncoding = 4; lastKnownFileType = sourcecode.c.h; path = OBPatternOverlay.h; sourceTree = "<group>"; };
		D0A6976A19C0D2AE00CAAB26 /* OBPatternOverlay.m */ = {isa = PBXFileReference; fileEncoding = 4; lastKnownFileType = sourcecode.c.objc; path = OBPatternOverlay.m; sourceTree = "<group>"; };
		D0A6976C19C0DB0C00CAAB26 /* OBPolylineView.h */ = {isa = PBXFileReference; fileEncoding = 4; lastKnownFileType = sourcecode.c.h; path = OBPolylineView.h; sourceTree = "<group>"; };
		D0A6976D19C0DB0C00CAAB26 /* OBPolylineView.m */ = {isa = PBXFileReference; fileEncoding = 4; lastKnownFileType = sourcecode.c.objc; path = OBPolylineView.m; sourceTree = "<group>"; };
		D0A6976F19C0E01000CAAB26 /* OBColorBandView.h */ = {isa = PBXFileReference; fileEncoding = 4; lastKnownFileType = sourcecode.c.h; path = OBColorBandView.h; sourceTree = "<group>"; };
		D0A6977019C0E01000CAAB26 /* OBColorBandView.m */ = {isa = PBXFileReference; fileEncoding = 4; lastKnownFileType = sourcecode.c.objc; path = OBColorBandView.m; sourceTree = "<group>"; };
		D0ABB0ED16265DE900B3C2E8 /* UIViewController+PresentingCompat.h */ = {isa = PBXFileReference; fileEncoding = 4; lastKnownFileType = sourcecode.c.h; path = "UIViewController+PresentingCompat.h"; sourceTree = "<group>"; };
		D0ABB0EE16265DE900B3C2E8 /* UIViewController+PresentingCompat.m */ = {isa = PBXFileReference; fileEncoding = 4; lastKnownFileType = sourcecode.c.objc; path = "UIViewController+PresentingCompat.m"; sourceTree = "<group>"; };
		D0AF5DEF12C5119A00813A24 /* OBMapViewController.h */ = {isa = PBXFileReference; fileEncoding = 4; lastKnownFileType = sourcecode.c.h; path = OBMapViewController.h; sourceTree = "<group>"; };
		D0AF5DF012C5119A00813A24 /* OBMapViewController.m */ = {isa = PBXFileReference; fileEncoding = 4; lastKnownFileType = sourcecode.c.objc; path = OBMapViewController.m; sourceTree = "<group>"; };
		D0AF5DF412C5129100813A24 /* OBStopAnnotation.h */ = {isa = PBXFileReference; fileEncoding = 4; lastKnownFileType = sourcecode.c.h; path = OBStopAnnotation.h; sourceTree = "<group>"; };
		D0AF5DF512C5129100813A24 /* OBStopAnnotation.m */ = {isa = PBXFileReference; fileEncoding = 4; lastKnownFileType = sourcecode.c.objc; path = OBStopAnnotation.m; sourceTree = "<group>"; };
		D0B3F4DA12CA988F00E9E5C8 /* ChangeLog.txt */ = {isa = PBXFileReference; fileEncoding = 4; lastKnownFileType = text; path = ChangeLog.txt; sourceTree = "<group>"; };
		D0B5DD13117E4BA100D15F53 /* CoreLocation.framework */ = {isa = PBXFileReference; lastKnownFileType = wrapper.framework; name = CoreLocation.framework; path = System/Library/Frameworks/CoreLocation.framework; sourceTree = SDKROOT; };
		D0B9D12612DCE1E600D933C5 /* locate-active.png */ = {isa = PBXFileReference; lastKnownFileType = image.png; path = "locate-active.png"; sourceTree = "<group>"; };
		D0B9D12712DCE1E600D933C5 /* locate-active@2x.png */ = {isa = PBXFileReference; lastKnownFileType = image.png; path = "locate-active@2x.png"; sourceTree = "<group>"; };
		D0B9D12812DCE1E600D933C5 /* locate.png */ = {isa = PBXFileReference; lastKnownFileType = image.png; path = locate.png; sourceTree = "<group>"; };
		D0B9D12912DCE1E600D933C5 /* locate.svg */ = {isa = PBXFileReference; fileEncoding = 4; lastKnownFileType = text.xml; path = locate.svg; sourceTree = "<group>"; };
		D0B9D12A12DCE1E600D933C5 /* locate@2x.png */ = {isa = PBXFileReference; lastKnownFileType = image.png; path = "locate@2x.png"; sourceTree = "<group>"; };
		D0B9D16512DCE7A300D933C5 /* favorites-add.png */ = {isa = PBXFileReference; lastKnownFileType = image.png; path = "favorites-add.png"; sourceTree = "<group>"; };
		D0B9D16612DCE7A300D933C5 /* favorites-add@2x.png */ = {isa = PBXFileReference; lastKnownFileType = image.png; path = "favorites-add@2x.png"; sourceTree = "<group>"; };
		D0B9D16712DCE7A300D933C5 /* favorites-remove.png */ = {isa = PBXFileReference; lastKnownFileType = image.png; path = "favorites-remove.png"; sourceTree = "<group>"; };
		D0B9D16812DCE7A300D933C5 /* favorites-remove@2x.png */ = {isa = PBXFileReference; lastKnownFileType = image.png; path = "favorites-remove@2x.png"; sourceTree = "<group>"; };
		D0B9D17612DCED4A00D933C5 /* favorites.svg */ = {isa = PBXFileReference; fileEncoding = 4; lastKnownFileType = text.xml; path = favorites.svg; sourceTree = "<group>"; };
		D0BCBA3A12C8E0D000C40415 /* UIViewController+ViewDidLoadPairing.h */ = {isa = PBXFileReference; fileEncoding = 4; lastKnownFileType = sourcecode.c.h; path = "UIViewController+ViewDidLoadPairing.h"; sourceTree = "<group>"; };
		D0BCBA3B12C8E0D000C40415 /* UIViewController+ViewDidLoadPairing.m */ = {isa = PBXFileReference; fileEncoding = 4; lastKnownFileType = sourcecode.c.objc; path = "UIViewController+ViewDidLoadPairing.m"; sourceTree = "<group>"; };
		D0C4149712B765A500510999 /* QuartzCore.framework */ = {isa = PBXFileReference; lastKnownFileType = wrapper.framework; name = QuartzCore.framework; path = System/Library/Frameworks/QuartzCore.framework; sourceTree = SDKROOT; };
/* End PBXFileReference section */

/* Begin PBXFrameworksBuildPhase section */
		1D60588F0D05DD3D006BFB54 /* Frameworks */ = {
			isa = PBXFrameworksBuildPhase;
			buildActionMask = 2147483647;
			files = (
				1D60589F0D05DD5A006BFB54 /* Foundation.framework in Frameworks */,
				1DF5F4E00D08C38300B7A737 /* UIKit.framework in Frameworks */,
				288765FD0DF74451002DB57D /* CoreGraphics.framework in Frameworks */,
				D00374A71139EF0500053FCB /* libsqlite3.dylib in Frameworks */,
				D0B5DD14117E4BA100D15F53 /* CoreLocation.framework in Frameworks */,
				D0C4149812B765A500510999 /* QuartzCore.framework in Frameworks */,
				D062951A12C38F850081391C /* MapKit.framework in Frameworks */,
			);
			runOnlyForDeploymentPostprocessing = 0;
		};
/* End PBXFrameworksBuildPhase section */

/* Begin PBXGroup section */
		19C28FACFE9D520D11CA2CBB /* Products */ = {
			isa = PBXGroup;
			children = (
				1D6058910D05DD3D006BFB54 /* OSU Bus.app */,
			);
			name = Products;
			sourceTree = "<group>";
		};
		29B97314FDCFA39411CA2CEA /* CustomTemplate */ = {
			isa = PBXGroup;
			children = (
				D003744C1139EBC600053FCB /* LICENSE */,
				D0B3F4DA12CA988F00E9E5C8 /* ChangeLog.txt */,
				D062940E12C386790081391C /* ReleaseChecklist.txt */,
				D06293A212C3856A0081391C /* Sources */,
				D062938112C383400081391C /* Third Party Sources */,
				D07358F112C38042004FC62C /* Resources */,
				29B97323FDCFA39411CA2CEA /* Frameworks */,
				19C28FACFE9D520D11CA2CBB /* Products */,
			);
			name = CustomTemplate;
			sourceTree = "<group>";
		};
		29B97323FDCFA39411CA2CEA /* Frameworks */ = {
			isa = PBXGroup;
			children = (
				D062951912C38F850081391C /* MapKit.framework */,
				D0B5DD13117E4BA100D15F53 /* CoreLocation.framework */,
				D00374A61139EF0400053FCB /* libsqlite3.dylib */,
				1DF5F4DF0D08C38300B7A737 /* UIKit.framework */,
				1D30AB110D05D00D00671497 /* Foundation.framework */,
				288765FC0DF74451002DB57D /* CoreGraphics.framework */,
				D0C4149712B765A500510999 /* QuartzCore.framework */,
			);
			name = Frameworks;
			sourceTree = "<group>";
		};
		D062938112C383400081391C /* Third Party Sources */ = {
			isa = PBXGroup;
			children = (
				D062938212C383400081391C /* fmdb */,
				D062938C12C383400081391C /* MBProgressHUD */,
			);
			path = "Third Party Sources";
			sourceTree = "<group>";
		};
		D062938212C383400081391C /* fmdb */ = {
			isa = PBXGroup;
			children = (
				D062938312C383400081391C /* CHANGES_AND_TODO_LIST.txt */,
				D062938412C383400081391C /* CONTRIBUTORS.txt */,
				D062938512C383400081391C /* FMDatabase.h */,
				D062938612C383400081391C /* FMDatabase.m */,
				D062938712C383400081391C /* FMDatabaseAdditions.h */,
				D062938812C383400081391C /* FMDatabaseAdditions.m */,
				D062938912C383400081391C /* FMResultSet.h */,
				D062938A12C383400081391C /* FMResultSet.m */,
				D062938B12C383400081391C /* LICENSE.txt */,
			);
			path = fmdb;
			sourceTree = "<group>";
		};
		D062938C12C383400081391C /* MBProgressHUD */ = {
			isa = PBXGroup;
			children = (
				D062938D12C383400081391C /* MBProgressHUD.h */,
				D062938E12C383400081391C /* MBProgressHUD.m */,
			);
			path = MBProgressHUD;
			sourceTree = "<group>";
		};
		D06293A212C3856A0081391C /* Sources */ = {
			isa = PBXGroup;
			children = (
				D06293CF12C3856A0081391C /* ViewControllers */,
				D06293A312C3856A0081391C /* Extra */,
				D06293AC12C3856A0081391C /* libosutrip */,
				D06293CD12C3856A0081391C /* prefix.pch */,
				D06293CA12C3856A0081391C /* main.m */,
				D06293CB12C3856A0081391C /* OBAppDelegate.h */,
				D06293CC12C3856A0081391C /* OBAppDelegate.m */,
			);
			path = Sources;
			sourceTree = "<group>";
		};
		D06293A312C3856A0081391C /* Extra */ = {
			isa = PBXGroup;
			children = (
				D0A6976F19C0E01000CAAB26 /* OBColorBandView.h */,
				D0A6977019C0E01000CAAB26 /* OBColorBandView.m */,
				D06293A412C3856A0081391C /* NSString+HexColor.h */,
				D06293A512C3856A0081391C /* NSString+HexColor.m */,
				D06293AA12C3856A0081391C /* UILabel+SetTextAnimated.h */,
				D06293AB12C3856A0081391C /* UILabel+SetTextAnimated.m */,
				D030E88612C95C8600B712A0 /* NSObject+Swizzle.h */,
				D030E88712C95C8600B712A0 /* NSObject+Swizzle.m */,
				D0BCBA3A12C8E0D000C40415 /* UIViewController+ViewDidLoadPairing.h */,
				D0BCBA3B12C8E0D000C40415 /* UIViewController+ViewDidLoadPairing.m */,
				D0ABB0ED16265DE900B3C2E8 /* UIViewController+PresentingCompat.h */,
				D0ABB0EE16265DE900B3C2E8 /* UIViewController+PresentingCompat.m */,
				D06579F312C926E800AB2874 /* UIImage+ScaleCompat.h */,
				D06579F412C926E800AB2874 /* UIImage+ScaleCompat.m */,
				D017A33712DB600E006A060E /* MKMapView+ZoomLevel.h */,
				D017A33812DB600E006A060E /* MKMapView+ZoomLevel.m */,
				D017A36B12DB79BD006A060E /* UIApplication+NiceNetworkIndicator.h */,
				D017A36C12DB79BD006A060E /* UIApplication+NiceNetworkIndicator.m */,
				D06293A612C3856A0081391C /* OBGradientButton.h */,
				D06293A712C3856A0081391C /* OBGradientButton.m */,
				D06293A812C3856A0081391C /* OBGradientView.h */,
				D06293A912C3856A0081391C /* OBGradientView.m */,
				D074AA5012C8FEC20085D5F9 /* OBPinView.h */,
				D074AA5112C8FEC20085D5F9 /* OBPinView.m */,
				D0A6976619C0BA5200CAAB26 /* OBInsetLabel.h */,
				D0A6976719C0BA5200CAAB26 /* OBInsetLabel.m */,
				D0A6976C19C0DB0C00CAAB26 /* OBPolylineView.h */,
				D0A6976D19C0DB0C00CAAB26 /* OBPolylineView.m */,
			);
			path = Extra;
			sourceTree = "<group>";
		};
		D06293AC12C3856A0081391C /* libosutrip */ = {
			isa = PBXGroup;
			children = (
				D06293AD12C3856A0081391C /* include */,
				D06293BA12C3856A0081391C /* src */,
			);
			path = libosutrip;
			sourceTree = "<group>";
		};
		D06293AD12C3856A0081391C /* include */ = {
			isa = PBXGroup;
			children = (
				D06293AE12C3856A0081391C /* NSDateAdditions.h */,
				D06293AF12C3856A0081391C /* OTClient.h */,
				D06293B012C3856A0081391C /* OTClientUpdateDatabase.h */,
				D06293B112C3856A0081391C /* OTRDirections.h */,
				D06293B212C3856A0081391C /* OTRequest.h */,
				D06293B312C3856A0081391C /* OTRPatterns.h */,
				D06293B412C3856A0081391C /* OTRPredictions.h */,
				D06293B512C3856A0081391C /* OTRRoutes.h */,
				D06293B612C3856A0081391C /* OTRServiceBulletins.h */,
				D06293B712C3856A0081391C /* OTRStops.h */,
				D06293B812C3856A0081391C /* OTRTime.h */,
				D06293B912C3856A0081391C /* OTRVehicles.h */,
			);
			path = include;
			sourceTree = "<group>";
		};
		D06293BA12C3856A0081391C /* src */ = {
			isa = PBXGroup;
			children = (
				D06293BB12C3856A0081391C /* NSDateAdditions.m */,
				D06293BC12C3856A0081391C /* OTClient.m */,
				D06293BD12C3856A0081391C /* OTClientDatabase.m */,
				D06293BE12C3856A0081391C /* OTClientRequests.m */,
				D06293BF12C3856A0081391C /* OTClientSingleton.m */,
				D06293C012C3856A0081391C /* OTClientUpdateDatabase.m */,
				D06293C112C3856A0081391C /* OTRDirections.m */,
				D06293C212C3856A0081391C /* OTRequest.m */,
				D06293C312C3856A0081391C /* OTRPatterns.m */,
				D06293C412C3856A0081391C /* OTRPredictions.m */,
				D06293C512C3856A0081391C /* OTRRoutes.m */,
				D06293C612C3856A0081391C /* OTRServiceBulletins.m */,
				D06293C712C3856A0081391C /* OTRStops.m */,
				D06293C812C3856A0081391C /* OTRTime.m */,
				D06293C912C3856A0081391C /* OTRVehicles.m */,
			);
			path = src;
			sourceTree = "<group>";
		};
		D06293CF12C3856A0081391C /* ViewControllers */ = {
			isa = PBXGroup;
			children = (
				D0AF5DEE12C5119A00813A24 /* OBMapViewController */,
				D06293D012C3856A0081391C /* OBAboutViewController.h */,
				D06293D112C3856A0081391C /* OBAboutViewController.m */,
				D06293D212C3856A0081391C /* OBBulletinsViewController.h */,
				D06293D312C3856A0081391C /* OBBulletinsViewController.m */,
				D06293D412C3856A0081391C /* OBBulletinViewController.h */,
				D06293D512C3856A0081391C /* OBBulletinViewController.m */,
				D06293D612C3856A0081391C /* OBPredictionsViewController.h */,
				D06293D712C3856A0081391C /* OBPredictionsViewController.m */,
				D06293D812C3856A0081391C /* OBRoutesViewController.h */,
				D06293D912C3856A0081391C /* OBRoutesViewController.m */,
				D06293DA12C3856A0081391C /* OBStopsViewController.h */,
				D06293DB12C3856A0081391C /* OBStopsViewController.m */,
				D06293DC12C3856A0081391C /* OBTableViewController.h */,
				D06293DD12C3856A0081391C /* OBTableViewController.m */,
				D06293DE12C3856A0081391C /* OBTopViewController.h */,
				D06293DF12C3856A0081391C /* OBTopViewController.m */,
			);
			path = ViewControllers;
			sourceTree = "<group>";
		};
		D07358F112C38042004FC62C /* Resources */ = {
			isa = PBXGroup;
			children = (
				D07358FC12C38042004FC62C /* Nibs */,
				D073590812C38042004FC62C /* Springboard */,
				D07358F312C38042004FC62C /* Icons */,
				D062937D12C3820B0081391C /* Settings.bundle */,
				D07358F212C38042004FC62C /* cabs.db */,
				D07358FA12C38042004FC62C /* Info.plist */,
				D062939C12C383950081391C /* Entitlements.plist */,
				D07358FB12C38042004FC62C /* Licenses.txt */,
				D073591012C38042004FC62C /* UserDefaults.plist */,
			);
			path = Resources;
			sourceTree = "<group>";
		};
		D07358F312C38042004FC62C /* Icons */ = {
			isa = PBXGroup;
			children = (
				D0A5DE1019B5945B00B05D97 /* pin-overlay-new.png */,
				D0A5DE1119B5945B00B05D97 /* pin-overlay-new@2x.png */,
				D0A5DE0C19B5944700B05D97 /* buspin-overlay-new.png */,
				D0A5DE0D19B5944700B05D97 /* buspin-overlay-new@2x.png */,
				D07358F612C38042004FC62C /* info.png */,
				D07358F712C38042004FC62C /* info@2x.png */,
				D07358F812C38042004FC62C /* licenses.png */,
				D07358F912C38042004FC62C /* licenses@2x.png */,
				D0B9D17612DCED4A00D933C5 /* favorites.svg */,
				D0B9D16512DCE7A300D933C5 /* favorites-add.png */,
				D0B9D16612DCE7A300D933C5 /* favorites-add@2x.png */,
				D0B9D16712DCE7A300D933C5 /* favorites-remove.png */,
				D0B9D16812DCE7A300D933C5 /* favorites-remove@2x.png */,
				D074AAB412C918F80085D5F9 /* pin.svg */,
				D074AA9D12C918980085D5F9 /* pin-mask.png */,
				D074AA9E12C918980085D5F9 /* pin-mask@2x.png */,
				D074AA9F12C918980085D5F9 /* pin-overlay.png */,
				D074AAA012C918980085D5F9 /* pin-overlay@2x.png */,
				D02AA80A1434E2AA00FBE924 /* buspin.svg */,
				D02AA8061434E2AA00FBE924 /* buspin-mask.png */,
				D02AA8071434E2AA00FBE924 /* buspin-mask@2x.png */,
				D02AA8081434E2AA00FBE924 /* buspin-overlay.png */,
				D02AA8091434E2AA00FBE924 /* buspin-overlay@2x.png */,
				D0B9D12912DCE1E600D933C5 /* locate.svg */,
				D0B9D12812DCE1E600D933C5 /* locate.png */,
				D0B9D12A12DCE1E600D933C5 /* locate@2x.png */,
				D0B9D12612DCE1E600D933C5 /* locate-active.png */,
				D0B9D12712DCE1E600D933C5 /* locate-active@2x.png */,
			);
			path = Icons;
			sourceTree = "<group>";
		};
		D07358FC12C38042004FC62C /* Nibs */ = {
			isa = PBXGroup;
			children = (
				D07358FD12C38042004FC62C /* MainWindow.xib */,
				D07358FE12C38042004FC62C /* OBAboutViewController.xib */,
				D07358FF12C38042004FC62C /* OBBulletinsViewController.xib */,
				D073590012C38042004FC62C /* OBBulletinViewController.xib */,
				D073590112C38042004FC62C /* OBPredictionsCell.xib */,
				D073590212C38042004FC62C /* OBPredictionsViewController.xib */,
				D073590312C38042004FC62C /* OBRoutesCell.xib */,
				D073590412C38042004FC62C /* OBRoutesViewController.xib */,
				D073590512C38042004FC62C /* OBStopsCell.xib */,
				D073590612C38042004FC62C /* OBStopsViewController.xib */,
				D073590712C38042004FC62C /* OBTopViewController.xib */,
				D062950912C38D3D0081391C /* OBMapViewController.xib */,
			);
			path = Nibs;
			sourceTree = "<group>";
		};
		D073590812C38042004FC62C /* Springboard */ = {
			isa = PBXGroup;
			children = (
				D03FB6E719C23C4400718C06 /* Default7-667h@2x.png */,
				D03FB6E819C23C4400718C06 /* Default7-736h@3x.png */,
				D0A6976219C09FE000CAAB26 /* Icon-Small7.png */,
				D0A6976319C09FE000CAAB26 /* Icon-Small7@2x.png */,
				D0A6975E19C09F2100CAAB26 /* Icon7.png */,
				D0A6975F19C09F2100CAAB26 /* Icon7@2x.png */,
				D0A6975819BB4CD400CAAB26 /* Default7-568h@2x.png */,
				D0A6975919BB4CD400CAAB26 /* Default7@2x.png */,
				D0A5DE1419B598A300B05D97 /* Default-568h@2x.png */,
				D073590912C38042004FC62C /* Default.png */,
				D03B1B7612CBB6790046BE86 /* Default@2x.png */,
				D073590A12C38042004FC62C /* Icon-Small.png */,
				D073590B12C38042004FC62C /* Icon-Small@2x.png */,
				D073590C12C38042004FC62C /* Icon.png */,
				D073590D12C38042004FC62C /* Icon.svg */,
				D073590E12C38042004FC62C /* Icon@2x.png */,
				D073590F12C38042004FC62C /* iTunesArtwork */,
			);
			path = Springboard;
			sourceTree = "<group>";
		};
		D0AF5DEE12C5119A00813A24 /* OBMapViewController */ = {
			isa = PBXGroup;
			children = (
				D0AF5DEF12C5119A00813A24 /* OBMapViewController.h */,
				D0AF5DF012C5119A00813A24 /* OBMapViewController.m */,
				D0AF5DF412C5129100813A24 /* OBStopAnnotation.h */,
				D0AF5DF512C5129100813A24 /* OBStopAnnotation.m */,
				D090A41D1432163000AD4C31 /* OBVehicleAnnotation.h */,
				D090A41E1432163100AD4C31 /* OBVehicleAnnotation.m */,
				D0A6976919C0D2AE00CAAB26 /* OBPatternOverlay.h */,
				D0A6976A19C0D2AE00CAAB26 /* OBPatternOverlay.m */,
			);
			path = OBMapViewController;
			sourceTree = "<group>";
		};
/* End PBXGroup section */

/* Begin PBXNativeTarget section */
		1D6058900D05DD3D006BFB54 /* OSU Bus */ = {
			isa = PBXNativeTarget;
			buildConfigurationList = 1D6058960D05DD3E006BFB54 /* Build configuration list for PBXNativeTarget "OSU Bus" */;
			buildPhases = (
				1D60588D0D05DD3D006BFB54 /* Resources */,
				1D60588E0D05DD3D006BFB54 /* Sources */,
				1D60588F0D05DD3D006BFB54 /* Frameworks */,
			);
			buildRules = (
			);
			dependencies = (
			);
			name = "OSU Bus";
			productName = "OSU Bus";
			productReference = 1D6058910D05DD3D006BFB54 /* OSU Bus.app */;
			productType = "com.apple.product-type.application";
		};
/* End PBXNativeTarget section */

/* Begin PBXProject section */
		29B97313FDCFA39411CA2CEA /* Project object */ = {
			isa = PBXProject;
			attributes = {
				LastUpgradeCheck = 0510;
			};
			buildConfigurationList = C01FCF4E08A954540054247B /* Build configuration list for PBXProject "OSU Bus" */;
			compatibilityVersion = "Xcode 3.2";
			developmentRegion = en;
			hasScannedForEncodings = 1;
			knownRegions = (
				English,
				Japanese,
				French,
				German,
				en,
			);
			mainGroup = 29B97314FDCFA39411CA2CEA /* CustomTemplate */;
			projectDirPath = "";
			projectRoot = "";
			targets = (
				1D6058900D05DD3D006BFB54 /* OSU Bus */,
			);
		};
/* End PBXProject section */

/* Begin PBXResourcesBuildPhase section */
		1D60588D0D05DD3D006BFB54 /* Resources */ = {
			isa = PBXResourcesBuildPhase;
			buildActionMask = 2147483647;
			files = (
				D073591112C38042004FC62C /* cabs.db in Resources */,
				D073591412C38042004FC62C /* info.png in Resources */,
				D073591512C38042004FC62C /* info@2x.png in Resources */,
				D073591612C38042004FC62C /* licenses.png in Resources */,
				D073591712C38042004FC62C /* licenses@2x.png in Resources */,
				D073591912C38042004FC62C /* Licenses.txt in Resources */,
				D073591A12C38042004FC62C /* MainWindow.xib in Resources */,
				D073591B12C38042004FC62C /* OBAboutViewController.xib in Resources */,
				D073591C12C38042004FC62C /* OBBulletinsViewController.xib in Resources */,
				D073591D12C38042004FC62C /* OBBulletinViewController.xib in Resources */,
				D073591E12C38042004FC62C /* OBPredictionsCell.xib in Resources */,
				D073591F12C38042004FC62C /* OBPredictionsViewController.xib in Resources */,
				D073592012C38042004FC62C /* OBRoutesCell.xib in Resources */,
				D0A6976419C09FE000CAAB26 /* Icon-Small7.png in Resources */,
				D073592112C38042004FC62C /* OBRoutesViewController.xib in Resources */,
				D0A6975B19BB4CD400CAAB26 /* Default7@2x.png in Resources */,
				D0A6976019C09F2100CAAB26 /* Icon7.png in Resources */,
				D073592212C38042004FC62C /* OBStopsCell.xib in Resources */,
				D073592312C38042004FC62C /* OBStopsViewController.xib in Resources */,
				D073592412C38042004FC62C /* OBTopViewController.xib in Resources */,
				D0A6975A19BB4CD400CAAB26 /* Default7-568h@2x.png in Resources */,
				D073592512C38042004FC62C /* Default.png in Resources */,
				D073592612C38042004FC62C /* Icon-Small.png in Resources */,
				D073592712C38042004FC62C /* Icon-Small@2x.png in Resources */,
				D0A5DE1319B5945B00B05D97 /* pin-overlay-new@2x.png in Resources */,
				D0A5DE1519B598A300B05D97 /* Default-568h@2x.png in Resources */,
				D073592812C38042004FC62C /* Icon.png in Resources */,
				D073592A12C38042004FC62C /* Icon@2x.png in Resources */,
				D073592B12C38042004FC62C /* iTunesArtwork in Resources */,
				D073592C12C38042004FC62C /* UserDefaults.plist in Resources */,
				D062937E12C3820B0081391C /* Settings.bundle in Resources */,
				D062950A12C38D3D0081391C /* OBMapViewController.xib in Resources */,
				D0A5DE0E19B5944700B05D97 /* buspin-overlay-new.png in Resources */,
				D074AAA112C918980085D5F9 /* pin-mask.png in Resources */,
				D0A6976119C09F2100CAAB26 /* Icon7@2x.png in Resources */,
				D074AAA212C918980085D5F9 /* pin-mask@2x.png in Resources */,
				D074AAA312C918980085D5F9 /* pin-overlay.png in Resources */,
				D0A5DE0F19B5944700B05D97 /* buspin-overlay-new@2x.png in Resources */,
				D074AAA412C918980085D5F9 /* pin-overlay@2x.png in Resources */,
				D0B3F4DB12CA988F00E9E5C8 /* ChangeLog.txt in Resources */,
				D03B1B7712CBB6790046BE86 /* Default@2x.png in Resources */,
				D0A6976519C09FE000CAAB26 /* Icon-Small7@2x.png in Resources */,
				D0B9D12B12DCE1E600D933C5 /* locate-active.png in Resources */,
				D0B9D12C12DCE1E600D933C5 /* locate-active@2x.png in Resources */,
				D0B9D12D12DCE1E600D933C5 /* locate.png in Resources */,
				D0B9D12E12DCE1E600D933C5 /* locate.svg in Resources */,
				D0A5DE1219B5945B00B05D97 /* pin-overlay-new.png in Resources */,
				D0B9D12F12DCE1E600D933C5 /* locate@2x.png in Resources */,
				D0B9D16912DCE7A300D933C5 /* favorites-add.png in Resources */,
				D0B9D16A12DCE7A300D933C5 /* favorites-add@2x.png in Resources */,
				D0B9D16B12DCE7A300D933C5 /* favorites-remove.png in Resources */,
				D0B9D16C12DCE7A300D933C5 /* favorites-remove@2x.png in Resources */,
				D0B9D17712DCED4A00D933C5 /* favorites.svg in Resources */,
				D02AA80B1434E2AA00FBE924 /* buspin-mask.png in Resources */,
				D02AA80C1434E2AA00FBE924 /* buspin-mask@2x.png in Resources */,
				D02AA80D1434E2AA00FBE924 /* buspin-overlay.png in Resources */,
				D03FB6E919C23C4400718C06 /* Default7-667h@2x.png in Resources */,
				D02AA80E1434E2AA00FBE924 /* buspin-overlay@2x.png in Resources */,
				D03FB6EA19C23C4400718C06 /* Default7-736h@3x.png in Resources */,
				D02AA80F1434E2AA00FBE924 /* buspin.svg in Resources */,
			);
			runOnlyForDeploymentPostprocessing = 0;
		};
/* End PBXResourcesBuildPhase section */

/* Begin PBXSourcesBuildPhase section */
		1D60588E0D05DD3D006BFB54 /* Sources */ = {
			isa = PBXSourcesBuildPhase;
			buildActionMask = 2147483647;
			files = (
				D062939112C383400081391C /* FMDatabase.m in Sources */,
				D062939212C383400081391C /* FMDatabaseAdditions.m in Sources */,
				D062939312C383400081391C /* FMResultSet.m in Sources */,
				D062939512C383400081391C /* MBProgressHUD.m in Sources */,
				D06293E012C3856A0081391C /* NSString+HexColor.m in Sources */,
				D06293E112C3856A0081391C /* OBGradientButton.m in Sources */,
				D06293E212C3856A0081391C /* OBGradientView.m in Sources */,
				D06293E312C3856A0081391C /* UILabel+SetTextAnimated.m in Sources */,
				D06293E412C3856A0081391C /* NSDateAdditions.m in Sources */,
				D06293E512C3856A0081391C /* OTClient.m in Sources */,
				D06293E612C3856A0081391C /* OTClientDatabase.m in Sources */,
				D06293E712C3856A0081391C /* OTClientRequests.m in Sources */,
				D06293E812C3856A0081391C /* OTClientSingleton.m in Sources */,
				D06293E912C3856A0081391C /* OTClientUpdateDatabase.m in Sources */,
				D06293EA12C3856A0081391C /* OTRDirections.m in Sources */,
				D06293EB12C3856A0081391C /* OTRequest.m in Sources */,
				D06293EC12C3856A0081391C /* OTRPatterns.m in Sources */,
				D0A6976E19C0DB0C00CAAB26 /* OBPolylineView.m in Sources */,
				D06293ED12C3856A0081391C /* OTRPredictions.m in Sources */,
				D06293EE12C3856A0081391C /* OTRRoutes.m in Sources */,
				D06293EF12C3856A0081391C /* OTRServiceBulletins.m in Sources */,
				D06293F012C3856A0081391C /* OTRStops.m in Sources */,
				D06293F112C3856A0081391C /* OTRTime.m in Sources */,
				D06293F212C3856A0081391C /* OTRVehicles.m in Sources */,
				D06293F312C3856A0081391C /* main.m in Sources */,
				D0A6976B19C0D2AE00CAAB26 /* OBPatternOverlay.m in Sources */,
				D06293F412C3856A0081391C /* OBAppDelegate.m in Sources */,
				D0A6977119C0E01000CAAB26 /* OBColorBandView.m in Sources */,
				D06293F612C3856A0081391C /* OBAboutViewController.m in Sources */,
				D06293F712C3856A0081391C /* OBBulletinsViewController.m in Sources */,
				D06293F812C3856A0081391C /* OBBulletinViewController.m in Sources */,
				D06293F912C3856A0081391C /* OBPredictionsViewController.m in Sources */,
				D06293FA12C3856A0081391C /* OBRoutesViewController.m in Sources */,
				D06293FB12C3856A0081391C /* OBStopsViewController.m in Sources */,
				D06293FC12C3856A0081391C /* OBTableViewController.m in Sources */,
				D06293FD12C3856A0081391C /* OBTopViewController.m in Sources */,
				D0AF5DF112C5119A00813A24 /* OBMapViewController.m in Sources */,
				D0AF5DF612C5129100813A24 /* OBStopAnnotation.m in Sources */,
				D0BCBA3C12C8E0D000C40415 /* UIViewController+ViewDidLoadPairing.m in Sources */,
				D074AA5212C8FEC20085D5F9 /* OBPinView.m in Sources */,
				D06579F512C926E800AB2874 /* UIImage+ScaleCompat.m in Sources */,
				D030E88812C95C8600B712A0 /* NSObject+Swizzle.m in Sources */,
				D017A33912DB600E006A060E /* MKMapView+ZoomLevel.m in Sources */,
				D017A36D12DB79BD006A060E /* UIApplication+NiceNetworkIndicator.m in Sources */,
				D0A6976819C0BA5200CAAB26 /* OBInsetLabel.m in Sources */,
				D090A41F1432163100AD4C31 /* OBVehicleAnnotation.m in Sources */,
				D0ABB0EF16265DE900B3C2E8 /* UIViewController+PresentingCompat.m in Sources */,
			);
			runOnlyForDeploymentPostprocessing = 0;
		};
/* End PBXSourcesBuildPhase section */

/* Begin XCBuildConfiguration section */
		1D6058940D05DD3E006BFB54 /* Debug */ = {
			isa = XCBuildConfiguration;
			buildSettings = {
				ALWAYS_SEARCH_USER_PATHS = NO;
				CODE_SIGN_IDENTITY = "iPhone Developer";
				COPY_PHASE_STRIP = NO;
				GCC_DYNAMIC_NO_PIC = NO;
				GCC_OPTIMIZATION_LEVEL = 0;
				GCC_PRECOMPILE_PREFIX_HEADER = YES;
				GCC_PREFIX_HEADER = Sources/prefix.pch;
				GCC_THUMB_SUPPORT = NO;
				INFOPLIST_FILE = Resources/Info.plist;
				IPHONEOS_DEPLOYMENT_TARGET = 4.3;
				PRODUCT_NAME = "OSU Bus";
				PROVISIONING_PROFILE = "";
				SDKROOT = iphoneos;
			};
			name = Debug;
		};
		1D6058950D05DD3E006BFB54 /* Release */ = {
			isa = XCBuildConfiguration;
			buildSettings = {
				ALWAYS_SEARCH_USER_PATHS = NO;
				CODE_SIGN_IDENTITY = "iPhone Developer";
				"CODE_SIGN_IDENTITY[sdk=iphoneos*]" = "iPhone Developer";
				COPY_PHASE_STRIP = YES;
				GCC_PRECOMPILE_PREFIX_HEADER = YES;
				GCC_PREFIX_HEADER = Sources/prefix.pch;
				GCC_THUMB_SUPPORT = NO;
				INFOPLIST_FILE = Resources/Info.plist;
				IPHONEOS_DEPLOYMENT_TARGET = 4.3;
				PRODUCT_NAME = "OSU Bus";
				PROVISIONING_PROFILE = "";
				"PROVISIONING_PROFILE[sdk=iphoneos*]" = "";
				SDKROOT = iphoneos;
			};
			name = Release;
		};
		C01FCF4F08A954540054247B /* Debug */ = {
			isa = XCBuildConfiguration;
			buildSettings = {
				CODE_SIGN_IDENTITY = "iPhone Developer";
				"CODE_SIGN_IDENTITY[sdk=iphoneos*]" = "iPhone Developer";
				CURRENT_PROJECT_VERSION = "";
				GCC_C_LANGUAGE_STANDARD = c99;
				GCC_PRECOMPILE_PREFIX_HEADER = YES;
				GCC_PREFIX_HEADER = Sources/prefix.pch;
				GCC_THUMB_SUPPORT = NO;
				GCC_WARN_ABOUT_RETURN_TYPE = YES;
				GCC_WARN_UNUSED_VARIABLE = YES;
				IPHONEOS_DEPLOYMENT_TARGET = 4.3;
				ONLY_ACTIVE_ARCH = YES;
				PREBINDING = NO;
				PROVISIONING_PROFILE = "";
				"PROVISIONING_PROFILE[sdk=iphoneos*]" = "";
				SDKROOT = iphoneos;
			};
			name = Debug;
		};
		C01FCF5008A954540054247B /* Release */ = {
			isa = XCBuildConfiguration;
			buildSettings = {
				CODE_SIGN_IDENTITY = "iPhone Developer";
				"CODE_SIGN_IDENTITY[sdk=iphoneos*]" = "iPhone Developer";
				CURRENT_PROJECT_VERSION = "";
				GCC_C_LANGUAGE_STANDARD = c99;
				GCC_PRECOMPILE_PREFIX_HEADER = YES;
				GCC_PREFIX_HEADER = Sources/prefix.pch;
				GCC_THUMB_SUPPORT = NO;
				GCC_WARN_ABOUT_RETURN_TYPE = YES;
				GCC_WARN_UNUSED_VARIABLE = YES;
				IPHONEOS_DEPLOYMENT_TARGET = 4.3;
				ONLY_ACTIVE_ARCH = NO;
				PREBINDING = NO;
				PROVISIONING_PROFILE = "";
				"PROVISIONING_PROFILE[sdk=iphoneos*]" = "";
				SDKROOT = iphoneos;
			};
			name = Release;
		};
		D00C2D0411823E640093578A /* Distribution */ = {
			isa = XCBuildConfiguration;
			buildSettings = {
				CODE_SIGN_ENTITLEMENTS = "Other Sources/Entitlements.plist";
				CODE_SIGN_IDENTITY = "iPhone Distribution";
				"CODE_SIGN_IDENTITY[sdk=iphoneos*]" = "iPhone Distribution";
				CURRENT_PROJECT_VERSION = "";
				GCC_C_LANGUAGE_STANDARD = c99;
				GCC_PRECOMPILE_PREFIX_HEADER = YES;
				GCC_PREFIX_HEADER = Sources/prefix.pch;
				GCC_THUMB_SUPPORT = NO;
				GCC_WARN_ABOUT_RETURN_TYPE = YES;
				GCC_WARN_UNUSED_VARIABLE = YES;
				IPHONEOS_DEPLOYMENT_TARGET = 4.3;
				ONLY_ACTIVE_ARCH = NO;
				PREBINDING = NO;
				PROVISIONING_PROFILE = "";
				"PROVISIONING_PROFILE[sdk=iphoneos*]" = "";
				SDKROOT = iphoneos;
			};
			name = Distribution;
		};
		D00C2D0511823E640093578A /* Distribution */ = {
			isa = XCBuildConfiguration;
			buildSettings = {
				ALWAYS_SEARCH_USER_PATHS = NO;
				CODE_SIGN_ENTITLEMENTS = Resources/Entitlements.plist;
				CODE_SIGN_IDENTITY = "iPhone Distribution";
				"CODE_SIGN_IDENTITY[sdk=iphoneos*]" = "iPhone Distribution";
				COPY_PHASE_STRIP = YES;
				GCC_PRECOMPILE_PREFIX_HEADER = YES;
				GCC_PREFIX_HEADER = Sources/prefix.pch;
				GCC_THUMB_SUPPORT = NO;
				INFOPLIST_FILE = Resources/Info.plist;
				IPHONEOS_DEPLOYMENT_TARGET = 4.3;
				PRODUCT_NAME = "OSU Bus";
				PROVISIONING_PROFILE = "";
				"PROVISIONING_PROFILE[sdk=iphoneos*]" = "";
				SDKROOT = iphoneos;
			};
			name = Distribution;
		};
/* End XCBuildConfiguration section */

/* Begin XCConfigurationList section */
		1D6058960D05DD3E006BFB54 /* Build configuration list for PBXNativeTarget "OSU Bus" */ = {
			isa = XCConfigurationList;
			buildConfigurations = (
				1D6058940D05DD3E006BFB54 /* Debug */,
				1D6058950D05DD3E006BFB54 /* Release */,
				D00C2D0511823E640093578A /* Distribution */,
			);
			defaultConfigurationIsVisible = 0;
			defaultConfigurationName = Release;
		};
		C01FCF4E08A954540054247B /* Build configuration list for PBXProject "OSU Bus" */ = {
			isa = XCConfigurationList;
			buildConfigurations = (
				C01FCF4F08A954540054247B /* Debug */,
				C01FCF5008A954540054247B /* Release */,
				D00C2D0411823E640093578A /* Distribution */,
			);
			defaultConfigurationIsVisible = 0;
			defaultConfigurationName = Release;
		};
/* End XCConfigurationList section */
	};
	rootObject = 29B97313FDCFA39411CA2CEA /* Project object */;
}
