// !$*UTF8*$!
{
	archiveVersion = 1;
	classes = {
	};
	objectVersion = 46;
	objects = {

/* Begin PBXBuildFile section */
		8DD76F9C0486AA7600D96B5E /* Foundation.framework in Frameworks */ = {isa = PBXBuildFile; fileRef = 08FB779EFE84155DC02AAC07 /* Foundation.framework */; };
		D0412FF6129BF90F00158793 /* libsqlite3.dylib in Frameworks */ = {isa = PBXBuildFile; fileRef = D0412FF5129BF90F00158793 /* libsqlite3.dylib */; };
		D06294AC12C3889A0081391C /* tripdb.m in Sources */ = {isa = PBXBuildFile; fileRef = D06294AB12C3889A0081391C /* tripdb.m */; };
		D06294CB12C388B60081391C /* NSDateAdditions.m in Sources */ = {isa = PBXBuildFile; fileRef = D06294BC12C388B60081391C /* NSDateAdditions.m */; };
		D06294CC12C388B60081391C /* OTClient.m in Sources */ = {isa = PBXBuildFile; fileRef = D06294BD12C388B60081391C /* OTClient.m */; };
		D06294CD12C388B60081391C /* OTClientDatabase.m in Sources */ = {isa = PBXBuildFile; fileRef = D06294BE12C388B60081391C /* OTClientDatabase.m */; };
		D06294CE12C388B60081391C /* OTClientRequests.m in Sources */ = {isa = PBXBuildFile; fileRef = D06294BF12C388B60081391C /* OTClientRequests.m */; };
		D06294CF12C388B60081391C /* OTClientSingleton.m in Sources */ = {isa = PBXBuildFile; fileRef = D06294C012C388B60081391C /* OTClientSingleton.m */; };
		D06294D012C388B60081391C /* OTClientUpdateDatabase.m in Sources */ = {isa = PBXBuildFile; fileRef = D06294C112C388B60081391C /* OTClientUpdateDatabase.m */; };
		D06294D112C388B60081391C /* OTRDirections.m in Sources */ = {isa = PBXBuildFile; fileRef = D06294C212C388B60081391C /* OTRDirections.m */; };
		D06294D212C388B60081391C /* OTRequest.m in Sources */ = {isa = PBXBuildFile; fileRef = D06294C312C388B60081391C /* OTRequest.m */; };
		D06294D312C388B60081391C /* OTRPatterns.m in Sources */ = {isa = PBXBuildFile; fileRef = D06294C412C388B60081391C /* OTRPatterns.m */; };
		D06294D412C388B60081391C /* OTRPredictions.m in Sources */ = {isa = PBXBuildFile; fileRef = D06294C512C388B60081391C /* OTRPredictions.m */; };
		D06294D512C388B60081391C /* OTRRoutes.m in Sources */ = {isa = PBXBuildFile; fileRef = D06294C612C388B60081391C /* OTRRoutes.m */; };
		D06294D612C388B60081391C /* OTRServiceBulletins.m in Sources */ = {isa = PBXBuildFile; fileRef = D06294C712C388B60081391C /* OTRServiceBulletins.m */; };
		D06294D712C388B60081391C /* OTRStops.m in Sources */ = {isa = PBXBuildFile; fileRef = D06294C812C388B60081391C /* OTRStops.m */; };
		D06294D812C388B60081391C /* OTRTime.m in Sources */ = {isa = PBXBuildFile; fileRef = D06294C912C388B60081391C /* OTRTime.m */; };
		D06294D912C388B60081391C /* OTRVehicles.m in Sources */ = {isa = PBXBuildFile; fileRef = D06294CA12C388B60081391C /* OTRVehicles.m */; };
		D06294E412C388CB0081391C /* FMDatabase.m in Sources */ = {isa = PBXBuildFile; fileRef = D06294DE12C388CB0081391C /* FMDatabase.m */; };
		D06294E512C388CB0081391C /* FMDatabaseAdditions.m in Sources */ = {isa = PBXBuildFile; fileRef = D06294E012C388CB0081391C /* FMDatabaseAdditions.m */; };
		D06294E612C388CB0081391C /* FMResultSet.m in Sources */ = {isa = PBXBuildFile; fileRef = D06294E212C388CB0081391C /* FMResultSet.m */; };
/* End PBXBuildFile section */

/* Begin PBXCopyFilesBuildPhase section */
		8DD76F9E0486AA7600D96B5E /* CopyFiles */ = {
			isa = PBXCopyFilesBuildPhase;
			buildActionMask = 8;
			dstPath = /usr/share/man/man1/;
			dstSubfolderSpec = 0;
			files = (
			);
			runOnlyForDeploymentPostprocessing = 1;
		};
/* End PBXCopyFilesBuildPhase section */

/* Begin PBXFileReference section */
		08FB779EFE84155DC02AAC07 /* Foundation.framework */ = {isa = PBXFileReference; lastKnownFileType = wrapper.framework; name = Foundation.framework; path = /System/Library/Frameworks/Foundation.framework; sourceTree = "<absolute>"; };
		8DD76FA10486AA7600D96B5E /* tripdb */ = {isa = PBXFileReference; explicitFileType = "compiled.mach-o.executable"; includeInIndex = 0; path = tripdb; sourceTree = BUILT_PRODUCTS_DIR; };
		D0412FF5129BF90F00158793 /* libsqlite3.dylib */ = {isa = PBXFileReference; lastKnownFileType = "compiled.mach-o.dylib"; name = libsqlite3.dylib; path = usr/lib/libsqlite3.dylib; sourceTree = SDKROOT; };
		D06294AB12C3889A0081391C /* tripdb.m */ = {isa = PBXFileReference; fileEncoding = 4; lastKnownFileType = sourcecode.c.objc; name = tripdb.m; path = Sources/tripdb.m; sourceTree = "<group>"; };
		D06294AF12C388B60081391C /* NSDateAdditions.h */ = {isa = PBXFileReference; fileEncoding = 4; lastKnownFileType = sourcecode.c.h; path = NSDateAdditions.h; sourceTree = "<group>"; };
		D06294B012C388B60081391C /* OTClient.h */ = {isa = PBXFileReference; fileEncoding = 4; lastKnownFileType = sourcecode.c.h; path = OTClient.h; sourceTree = "<group>"; };
		D06294B112C388B60081391C /* OTClientUpdateDatabase.h */ = {isa = PBXFileReference; fileEncoding = 4; lastKnownFileType = sourcecode.c.h; path = OTClientUpdateDatabase.h; sourceTree = "<group>"; };
		D06294B212C388B60081391C /* OTRDirections.h */ = {isa = PBXFileReference; fileEncoding = 4; lastKnownFileType = sourcecode.c.h; path = OTRDirections.h; sourceTree = "<group>"; };
		D06294B312C388B60081391C /* OTRequest.h */ = {isa = PBXFileReference; fileEncoding = 4; lastKnownFileType = sourcecode.c.h; path = OTRequest.h; sourceTree = "<group>"; };
		D06294B412C388B60081391C /* OTRPatterns.h */ = {isa = PBXFileReference; fileEncoding = 4; lastKnownFileType = sourcecode.c.h; path = OTRPatterns.h; sourceTree = "<group>"; };
		D06294B512C388B60081391C /* OTRPredictions.h */ = {isa = PBXFileReference; fileEncoding = 4; lastKnownFileType = sourcecode.c.h; path = OTRPredictions.h; sourceTree = "<group>"; };
		D06294B612C388B60081391C /* OTRRoutes.h */ = {isa = PBXFileReference; fileEncoding = 4; lastKnownFileType = sourcecode.c.h; path = OTRRoutes.h; sourceTree = "<group>"; };
		D06294B712C388B60081391C /* OTRServiceBulletins.h */ = {isa = PBXFileReference; fileEncoding = 4; lastKnownFileType = sourcecode.c.h; path = OTRServiceBulletins.h; sourceTree = "<group>"; };
		D06294B812C388B60081391C /* OTRStops.h */ = {isa = PBXFileReference; fileEncoding = 4; lastKnownFileType = sourcecode.c.h; path = OTRStops.h; sourceTree = "<group>"; };
		D06294B912C388B60081391C /* OTRTime.h */ = {isa = PBXFileReference; fileEncoding = 4; lastKnownFileType = sourcecode.c.h; path = OTRTime.h; sourceTree = "<group>"; };
		D06294BA12C388B60081391C /* OTRVehicles.h */ = {isa = PBXFileReference; fileEncoding = 4; lastKnownFileType = sourcecode.c.h; path = OTRVehicles.h; sourceTree = "<group>"; };
		D06294BC12C388B60081391C /* NSDateAdditions.m */ = {isa = PBXFileReference; fileEncoding = 4; lastKnownFileType = sourcecode.c.objc; path = NSDateAdditions.m; sourceTree = "<group>"; };
		D06294BD12C388B60081391C /* OTClient.m */ = {isa = PBXFileReference; fileEncoding = 4; lastKnownFileType = sourcecode.c.objc; path = OTClient.m; sourceTree = "<group>"; };
		D06294BE12C388B60081391C /* OTClientDatabase.m */ = {isa = PBXFileReference; fileEncoding = 4; lastKnownFileType = sourcecode.c.objc; path = OTClientDatabase.m; sourceTree = "<group>"; };
		D06294BF12C388B60081391C /* OTClientRequests.m */ = {isa = PBXFileReference; fileEncoding = 4; lastKnownFileType = sourcecode.c.objc; path = OTClientRequests.m; sourceTree = "<group>"; };
		D06294C012C388B60081391C /* OTClientSingleton.m */ = {isa = PBXFileReference; fileEncoding = 4; lastKnownFileType = sourcecode.c.objc; path = OTClientSingleton.m; sourceTree = "<group>"; };
		D06294C112C388B60081391C /* OTClientUpdateDatabase.m */ = {isa = PBXFileReference; fileEncoding = 4; lastKnownFileType = sourcecode.c.objc; path = OTClientUpdateDatabase.m; sourceTree = "<group>"; };
		D06294C212C388B60081391C /* OTRDirections.m */ = {isa = PBXFileReference; fileEncoding = 4; lastKnownFileType = sourcecode.c.objc; path = OTRDirections.m; sourceTree = "<group>"; };
		D06294C312C388B60081391C /* OTRequest.m */ = {isa = PBXFileReference; fileEncoding = 4; lastKnownFileType = sourcecode.c.objc; path = OTRequest.m; sourceTree = "<group>"; };
		D06294C412C388B60081391C /* OTRPatterns.m */ = {isa = PBXFileReference; fileEncoding = 4; lastKnownFileType = sourcecode.c.objc; path = OTRPatterns.m; sourceTree = "<group>"; };
		D06294C512C388B60081391C /* OTRPredictions.m */ = {isa = PBXFileReference; fileEncoding = 4; lastKnownFileType = sourcecode.c.objc; path = OTRPredictions.m; sourceTree = "<group>"; };
		D06294C612C388B60081391C /* OTRRoutes.m */ = {isa = PBXFileReference; fileEncoding = 4; lastKnownFileType = sourcecode.c.objc; path = OTRRoutes.m; sourceTree = "<group>"; };
		D06294C712C388B60081391C /* OTRServiceBulletins.m */ = {isa = PBXFileReference; fileEncoding = 4; lastKnownFileType = sourcecode.c.objc; path = OTRServiceBulletins.m; sourceTree = "<group>"; };
		D06294C812C388B60081391C /* OTRStops.m */ = {isa = PBXFileReference; fileEncoding = 4; lastKnownFileType = sourcecode.c.objc; path = OTRStops.m; sourceTree = "<group>"; };
		D06294C912C388B60081391C /* OTRTime.m */ = {isa = PBXFileReference; fileEncoding = 4; lastKnownFileType = sourcecode.c.objc; path = OTRTime.m; sourceTree = "<group>"; };
		D06294CA12C388B60081391C /* OTRVehicles.m */ = {isa = PBXFileReference; fileEncoding = 4; lastKnownFileType = sourcecode.c.objc; path = OTRVehicles.m; sourceTree = "<group>"; };
		D06294DB12C388CB0081391C /* CHANGES_AND_TODO_LIST.txt */ = {isa = PBXFileReference; fileEncoding = 4; lastKnownFileType = text; path = CHANGES_AND_TODO_LIST.txt; sourceTree = "<group>"; };
		D06294DC12C388CB0081391C /* CONTRIBUTORS.txt */ = {isa = PBXFileReference; fileEncoding = 4; lastKnownFileType = text; path = CONTRIBUTORS.txt; sourceTree = "<group>"; };
		D06294DD12C388CB0081391C /* FMDatabase.h */ = {isa = PBXFileReference; fileEncoding = 4; lastKnownFileType = sourcecode.c.h; path = FMDatabase.h; sourceTree = "<group>"; };
		D06294DE12C388CB0081391C /* FMDatabase.m */ = {isa = PBXFileReference; fileEncoding = 4; lastKnownFileType = sourcecode.c.objc; path = FMDatabase.m; sourceTree = "<group>"; };
		D06294DF12C388CB0081391C /* FMDatabaseAdditions.h */ = {isa = PBXFileReference; fileEncoding = 4; lastKnownFileType = sourcecode.c.h; path = FMDatabaseAdditions.h; sourceTree = "<group>"; };
		D06294E012C388CB0081391C /* FMDatabaseAdditions.m */ = {isa = PBXFileReference; fileEncoding = 4; lastKnownFileType = sourcecode.c.objc; path = FMDatabaseAdditions.m; sourceTree = "<group>"; };
		D06294E112C388CB0081391C /* FMResultSet.h */ = {isa = PBXFileReference; fileEncoding = 4; lastKnownFileType = sourcecode.c.h; path = FMResultSet.h; sourceTree = "<group>"; };
		D06294E212C388CB0081391C /* FMResultSet.m */ = {isa = PBXFileReference; fileEncoding = 4; lastKnownFileType = sourcecode.c.objc; path = FMResultSet.m; sourceTree = "<group>"; };
		D06294E312C388CB0081391C /* LICENSE.txt */ = {isa = PBXFileReference; fileEncoding = 4; lastKnownFileType = text; path = LICENSE.txt; sourceTree = "<group>"; };
/* End PBXFileReference section */

/* Begin PBXFrameworksBuildPhase section */
		8DD76F9B0486AA7600D96B5E /* Frameworks */ = {
			isa = PBXFrameworksBuildPhase;
			buildActionMask = 2147483647;
			files = (
				8DD76F9C0486AA7600D96B5E /* Foundation.framework in Frameworks */,
				D0412FF6129BF90F00158793 /* libsqlite3.dylib in Frameworks */,
			);
			runOnlyForDeploymentPostprocessing = 0;
		};
/* End PBXFrameworksBuildPhase section */

/* Begin PBXGroup section */
		08FB7794FE84155DC02AAC07 /* tripdb */ = {
			isa = PBXGroup;
			children = (
				D06294AB12C3889A0081391C /* tripdb.m */,
				D06294AD12C388B60081391C /* libosutrip */,
				D06294DA12C388CB0081391C /* fmdb */,
				08FB779DFE84155DC02AAC07 /* Frameworks */,
				1AB674ADFE9D54B511CA2CBB /* Products */,
			);
			name = tripdb;
			sourceTree = "<group>";
		};
		08FB779DFE84155DC02AAC07 /* Frameworks */ = {
			isa = PBXGroup;
			children = (
				D0412FF5129BF90F00158793 /* libsqlite3.dylib */,
				08FB779EFE84155DC02AAC07 /* Foundation.framework */,
			);
			name = Frameworks;
			sourceTree = "<group>";
		};
		1AB674ADFE9D54B511CA2CBB /* Products */ = {
			isa = PBXGroup;
			children = (
				8DD76FA10486AA7600D96B5E /* tripdb */,
			);
			name = Products;
			sourceTree = "<group>";
		};
		D06294AD12C388B60081391C /* libosutrip */ = {
			isa = PBXGroup;
			children = (
				D06294AE12C388B60081391C /* include */,
				D06294BB12C388B60081391C /* src */,
			);
			name = libosutrip;
			path = Sources/libosutrip;
			sourceTree = "<group>";
		};
		D06294AE12C388B60081391C /* include */ = {
			isa = PBXGroup;
			children = (
				D06294AF12C388B60081391C /* NSDateAdditions.h */,
				D06294B012C388B60081391C /* OTClient.h */,
				D06294B112C388B60081391C /* OTClientUpdateDatabase.h */,
				D06294B212C388B60081391C /* OTRDirections.h */,
				D06294B312C388B60081391C /* OTRequest.h */,
				D06294B412C388B60081391C /* OTRPatterns.h */,
				D06294B512C388B60081391C /* OTRPredictions.h */,
				D06294B612C388B60081391C /* OTRRoutes.h */,
				D06294B712C388B60081391C /* OTRServiceBulletins.h */,
				D06294B812C388B60081391C /* OTRStops.h */,
				D06294B912C388B60081391C /* OTRTime.h */,
				D06294BA12C388B60081391C /* OTRVehicles.h */,
			);
			path = include;
			sourceTree = "<group>";
		};
		D06294BB12C388B60081391C /* src */ = {
			isa = PBXGroup;
			children = (
				D06294BC12C388B60081391C /* NSDateAdditions.m */,
				D06294BD12C388B60081391C /* OTClient.m */,
				D06294BE12C388B60081391C /* OTClientDatabase.m */,
				D06294BF12C388B60081391C /* OTClientRequests.m */,
				D06294C012C388B60081391C /* OTClientSingleton.m */,
				D06294C112C388B60081391C /* OTClientUpdateDatabase.m */,
				D06294C212C388B60081391C /* OTRDirections.m */,
				D06294C312C388B60081391C /* OTRequest.m */,
				D06294C412C388B60081391C /* OTRPatterns.m */,
				D06294C512C388B60081391C /* OTRPredictions.m */,
				D06294C612C388B60081391C /* OTRRoutes.m */,
				D06294C712C388B60081391C /* OTRServiceBulletins.m */,
				D06294C812C388B60081391C /* OTRStops.m */,
				D06294C912C388B60081391C /* OTRTime.m */,
				D06294CA12C388B60081391C /* OTRVehicles.m */,
			);
			path = src;
			sourceTree = "<group>";
		};
		D06294DA12C388CB0081391C /* fmdb */ = {
			isa = PBXGroup;
			children = (
				D06294DB12C388CB0081391C /* CHANGES_AND_TODO_LIST.txt */,
				D06294DC12C388CB0081391C /* CONTRIBUTORS.txt */,
				D06294DD12C388CB0081391C /* FMDatabase.h */,
				D06294DE12C388CB0081391C /* FMDatabase.m */,
				D06294DF12C388CB0081391C /* FMDatabaseAdditions.h */,
				D06294E012C388CB0081391C /* FMDatabaseAdditions.m */,
				D06294E112C388CB0081391C /* FMResultSet.h */,
				D06294E212C388CB0081391C /* FMResultSet.m */,
				D06294E312C388CB0081391C /* LICENSE.txt */,
			);
			name = fmdb;
			path = "Third Party Sources/fmdb";
			sourceTree = "<group>";
		};
/* End PBXGroup section */

/* Begin PBXNativeTarget section */
		8DD76F960486AA7600D96B5E /* tripdb */ = {
			isa = PBXNativeTarget;
			buildConfigurationList = 1DEB927408733DD40010E9CD /* Build configuration list for PBXNativeTarget "tripdb" */;
			buildPhases = (
				8DD76F990486AA7600D96B5E /* Sources */,
				8DD76F9B0486AA7600D96B5E /* Frameworks */,
				8DD76F9E0486AA7600D96B5E /* CopyFiles */,
			);
			buildRules = (
			);
			dependencies = (
			);
			name = tripdb;
			productInstallPath = "$(HOME)/bin";
			productName = tripdb;
			productReference = 8DD76FA10486AA7600D96B5E /* tripdb */;
			productType = "com.apple.product-type.tool";
		};
/* End PBXNativeTarget section */

/* Begin PBXProject section */
		08FB7793FE84155DC02AAC07 /* Project object */ = {
			isa = PBXProject;
			attributes = {
				LastUpgradeCheck = 0720;
			};
			buildConfigurationList = 1DEB927808733DD40010E9CD /* Build configuration list for PBXProject "tripdb" */;
			compatibilityVersion = "Xcode 3.2";
			developmentRegion = English;
			hasScannedForEncodings = 1;
			knownRegions = (
				English,
				Japanese,
				French,
				German,
			);
			mainGroup = 08FB7794FE84155DC02AAC07 /* tripdb */;
			projectDirPath = "";
			projectRoot = "";
			targets = (
				8DD76F960486AA7600D96B5E /* tripdb */,
			);
		};
/* End PBXProject section */

/* Begin PBXSourcesBuildPhase section */
		8DD76F990486AA7600D96B5E /* Sources */ = {
			isa = PBXSourcesBuildPhase;
			buildActionMask = 2147483647;
			files = (
				D06294AC12C3889A0081391C /* tripdb.m in Sources */,
				D06294CB12C388B60081391C /* NSDateAdditions.m in Sources */,
				D06294CC12C388B60081391C /* OTClient.m in Sources */,
				D06294CD12C388B60081391C /* OTClientDatabase.m in Sources */,
				D06294CE12C388B60081391C /* OTClientRequests.m in Sources */,
				D06294CF12C388B60081391C /* OTClientSingleton.m in Sources */,
				D06294D012C388B60081391C /* OTClientUpdateDatabase.m in Sources */,
				D06294D112C388B60081391C /* OTRDirections.m in Sources */,
				D06294D212C388B60081391C /* OTRequest.m in Sources */,
				D06294D312C388B60081391C /* OTRPatterns.m in Sources */,
				D06294D412C388B60081391C /* OTRPredictions.m in Sources */,
				D06294D512C388B60081391C /* OTRRoutes.m in Sources */,
				D06294D612C388B60081391C /* OTRServiceBulletins.m in Sources */,
				D06294D712C388B60081391C /* OTRStops.m in Sources */,
				D06294D812C388B60081391C /* OTRTime.m in Sources */,
				D06294D912C388B60081391C /* OTRVehicles.m in Sources */,
				D06294E412C388CB0081391C /* FMDatabase.m in Sources */,
				D06294E512C388CB0081391C /* FMDatabaseAdditions.m in Sources */,
				D06294E612C388CB0081391C /* FMResultSet.m in Sources */,
			);
			runOnlyForDeploymentPostprocessing = 0;
		};
/* End PBXSourcesBuildPhase section */

/* Begin XCBuildConfiguration section */
		1DEB927508733DD40010E9CD /* Debug */ = {
			isa = XCBuildConfiguration;
			buildSettings = {
				ALWAYS_SEARCH_USER_PATHS = NO;
				COPY_PHASE_STRIP = NO;
				GCC_DYNAMIC_NO_PIC = NO;
				GCC_ENABLE_FIX_AND_CONTINUE = YES;
				GCC_MODEL_TUNING = G5;
				GCC_OPTIMIZATION_LEVEL = 0;
				GCC_PRECOMPILE_PREFIX_HEADER = YES;
				INSTALL_PATH = /usr/local/bin;
				PRODUCT_NAME = tripdb;
			};
			name = Debug;
		};
		1DEB927608733DD40010E9CD /* Release */ = {
			isa = XCBuildConfiguration;
			buildSettings = {
				ALWAYS_SEARCH_USER_PATHS = NO;
				DEBUG_INFORMATION_FORMAT = "dwarf-with-dsym";
				GCC_MODEL_TUNING = G5;
				GCC_PRECOMPILE_PREFIX_HEADER = YES;
				INSTALL_PATH = /usr/local/bin;
				PRODUCT_NAME = tripdb;
			};
			name = Release;
		};
		1DEB927908733DD40010E9CD /* Debug */ = {
			isa = XCBuildConfiguration;
			buildSettings = {
				ENABLE_TESTABILITY = YES;
				GCC_C_LANGUAGE_STANDARD = gnu99;
				GCC_OPTIMIZATION_LEVEL = 0;
				GCC_WARN_ABOUT_RETURN_TYPE = YES;
				GCC_WARN_UNUSED_VARIABLE = YES;
				ONLY_ACTIVE_ARCH = YES;
				PREBINDING = NO;
				SDKROOT = macosx;
			};
			name = Debug;
		};
		1DEB927A08733DD40010E9CD /* Release */ = {
			isa = XCBuildConfiguration;
			buildSettings = {
				GCC_C_LANGUAGE_STANDARD = gnu99;
				GCC_WARN_ABOUT_RETURN_TYPE = YES;
				GCC_WARN_UNUSED_VARIABLE = YES;
				PREBINDING = NO;
				SDKROOT = macosx;
			};
			name = Release;
		};
/* End XCBuildConfiguration section */

/* Begin XCConfigurationList section */
		1DEB927408733DD40010E9CD /* Build configuration list for PBXNativeTarget "tripdb" */ = {
			isa = XCConfigurationList;
			buildConfigurations = (
				1DEB927508733DD40010E9CD /* Debug */,
				1DEB927608733DD40010E9CD /* Release */,
			);
			defaultConfigurationIsVisible = 0;
			defaultConfigurationName = Release;
		};
		1DEB927808733DD40010E9CD /* Build configuration list for PBXProject "tripdb" */ = {
			isa = XCConfigurationList;
			buildConfigurations = (
				1DEB927908733DD40010E9CD /* Debug */,
				1DEB927A08733DD40010E9CD /* Release */,
			);
			defaultConfigurationIsVisible = 0;
			defaultConfigurationName = Release;
		};
/* End XCConfigurationList section */
	};
	rootObject = 08FB7793FE84155DC02AAC07 /* Project object */;
}
